// !$*UTF8*$!
{
	archiveVersion = 1;
	classes = {
	};
	objectVersion = 50;
	objects = {

/* Begin PBXBuildFile section */
		002E047C22671B27000871F5 /* communityFarmData.json in Resources */ = {isa = PBXBuildFile; fileRef = 002E047B22671B27000871F5 /* communityFarmData.json */; };
		002E047E22671E68000871F5 /* SearchResultTableViewController.swift in Sources */ = {isa = PBXBuildFile; fileRef = 002E047D22671E68000871F5 /* SearchResultTableViewController.swift */; };
		002E048022671EA8000871F5 /* SuggestionsTableTableViewController.swift in Sources */ = {isa = PBXBuildFile; fileRef = 002E047F22671EA8000871F5 /* SuggestionsTableTableViewController.swift */; };
		002E048322671F92000871F5 /* LocationManager.swift in Sources */ = {isa = PBXBuildFile; fileRef = 002E048222671F92000871F5 /* LocationManager.swift */; };
		002E048522671FEA000871F5 /* MKPlacemark+Extension.swift in Sources */ = {isa = PBXBuildFile; fileRef = 002E048422671FEA000871F5 /* MKPlacemark+Extension.swift */; };
		00395DB42274322F00EC9293 /* FavouriteTableViewCell.swift in Sources */ = {isa = PBXBuildFile; fileRef = 00395DB32274322F00EC9293 /* FavouriteTableViewCell.swift */; };
		00395DB62274326A00EC9293 /* FavouriteTableViewController.swift in Sources */ = {isa = PBXBuildFile; fileRef = 00395DB52274326A00EC9293 /* FavouriteTableViewController.swift */; };
		00395DB92275543C00EC9293 /* LoginViewController.swift in Sources */ = {isa = PBXBuildFile; fileRef = 00395DB82275543C00EC9293 /* LoginViewController.swift */; };
		00395DBB2275667E00EC9293 /* MonthCell.xib in Resources */ = {isa = PBXBuildFile; fileRef = 00395DBA2275667E00EC9293 /* MonthCell.xib */; };
		00395DBD22756A5000EC9293 /* MonthTableViewCell.swift in Sources */ = {isa = PBXBuildFile; fileRef = 00395DBC22756A5000EC9293 /* MonthTableViewCell.swift */; };
		00395DC82275896300EC9293 /* NoResultTableViewCell.swift in Sources */ = {isa = PBXBuildFile; fileRef = 00395DC72275896300EC9293 /* NoResultTableViewCell.swift */; };
		00395DF42278163100EC9293 /* CACellTableViewCell.swift in Sources */ = {isa = PBXBuildFile; fileRef = 00395DF22278163100EC9293 /* CACellTableViewCell.swift */; };
		00395DF52278163100EC9293 /* CACellTableViewCell.xib in Resources */ = {isa = PBXBuildFile; fileRef = 00395DF32278163100EC9293 /* CACellTableViewCell.xib */; };
		00395DF92278203A00EC9293 /* CACollectionViewCell.swift in Sources */ = {isa = PBXBuildFile; fileRef = 00395DF72278203A00EC9293 /* CACollectionViewCell.swift */; };
		00395DFA2278203A00EC9293 /* CACollectionViewCell.xib in Resources */ = {isa = PBXBuildFile; fileRef = 00395DF82278203A00EC9293 /* CACollectionViewCell.xib */; };
		0060658422829F6E00742147 /* CheckListViewController.swift in Sources */ = {isa = PBXBuildFile; fileRef = 0060658322829F6E00742147 /* CheckListViewController.swift */; };
		006065882282A84F00742147 /* IndoorTableViewController.swift in Sources */ = {isa = PBXBuildFile; fileRef = 006065872282A84F00742147 /* IndoorTableViewController.swift */; };
		0060658A2282A9F000742147 /* checkList.json in Resources */ = {isa = PBXBuildFile; fileRef = 006065892282A9F000742147 /* checkList.json */; };
		006065912282BDCA00742147 /* CheckListTableViewCell.swift in Sources */ = {isa = PBXBuildFile; fileRef = 0060658F2282BDCA00742147 /* CheckListTableViewCell.swift */; };
		006065922282BDCA00742147 /* CheckListTableViewCell.xib in Resources */ = {isa = PBXBuildFile; fileRef = 006065902282BDCA00742147 /* CheckListTableViewCell.xib */; };
		006065982282C88000742147 /* CheckListHolderViewController.swift in Sources */ = {isa = PBXBuildFile; fileRef = 006065972282C88000742147 /* CheckListHolderViewController.swift */; };
		0088748C2279B46600475095 /* HintsTableViewController.swift in Sources */ = {isa = PBXBuildFile; fileRef = 0088748B2279B46600475095 /* HintsTableViewController.swift */; };
		008874902279BBD700475095 /* IntroductionView.swift in Sources */ = {isa = PBXBuildFile; fileRef = 0088748F2279BBD700475095 /* IntroductionView.swift */; };
		008874922279BBE300475095 /* IntroductionView.xib in Resources */ = {isa = PBXBuildFile; fileRef = 008874912279BBE300475095 /* IntroductionView.xib */; };
		008874942279BEA500475095 /* IntroductionViewController.swift in Sources */ = {isa = PBXBuildFile; fileRef = 008874932279BEA500475095 /* IntroductionViewController.swift */; };
		00A77AF922700D940033ED8A /* PlantDetailViewController.swift in Sources */ = {isa = PBXBuildFile; fileRef = 00A77AF822700D940033ED8A /* PlantDetailViewController.swift */; };
		00A77AFC22702B5F0033ED8A /* DefaultPlantInfoTableViewCell.swift in Sources */ = {isa = PBXBuildFile; fileRef = 00A77AFB22702B5F0033ED8A /* DefaultPlantInfoTableViewCell.swift */; };
		00A77AFE22702B8E0033ED8A /* DefaultPlantCell.xib in Resources */ = {isa = PBXBuildFile; fileRef = 00A77AFD22702B8E0033ED8A /* DefaultPlantCell.xib */; };
		00A77B00227032440033ED8A /* PlantInfoSlideViewController.swift in Sources */ = {isa = PBXBuildFile; fileRef = 00A77AFF227032440033ED8A /* PlantInfoSlideViewController.swift */; };
		00A77B02227032CD0033ED8A /* PlantInfoOneTableViewController.swift in Sources */ = {isa = PBXBuildFile; fileRef = 00A77B01227032CD0033ED8A /* PlantInfoOneTableViewController.swift */; };
		00A77B06227045B80033ED8A /* PlantingInfoTableViewController.swift in Sources */ = {isa = PBXBuildFile; fileRef = 00A77B05227045B80033ED8A /* PlantingInfoTableViewController.swift */; };
		00A77B08227045E80033ED8A /* CulinaryHintsViewController.swift in Sources */ = {isa = PBXBuildFile; fileRef = 00A77B07227045E80033ED8A /* CulinaryHintsViewController.swift */; };
		00A77B0C22709E690033ED8A /* TabBarViewController.swift in Sources */ = {isa = PBXBuildFile; fileRef = 00A77B0B22709E690033ED8A /* TabBarViewController.swift */; };
		00A77B112270A36D0033ED8A /* PhotoSlide.xib in Resources */ = {isa = PBXBuildFile; fileRef = 00A77B102270A36D0033ED8A /* PhotoSlide.xib */; };
		00A77B132270A4CE0033ED8A /* PhotoSlide.swift in Sources */ = {isa = PBXBuildFile; fileRef = 00A77B122270A4CE0033ED8A /* PhotoSlide.swift */; };
		00A77B1A227141550033ED8A /* AvoidCompanionSlide.swift in Sources */ = {isa = PBXBuildFile; fileRef = 00A77B19227141550033ED8A /* AvoidCompanionSlide.swift */; };
		00A77B1C227141650033ED8A /* AvoidCompanionSlide.xib in Resources */ = {isa = PBXBuildFile; fileRef = 00A77B1B227141650033ED8A /* AvoidCompanionSlide.xib */; };
		00A77B1E227154400033ED8A /* PlantAvoidTableViewCell.swift in Sources */ = {isa = PBXBuildFile; fileRef = 00A77B1D227154400033ED8A /* PlantAvoidTableViewCell.swift */; };
		00A77B21227156180033ED8A /* PlantAvoidCell.xib in Resources */ = {isa = PBXBuildFile; fileRef = 00A77B20227156180033ED8A /* PlantAvoidCell.xib */; };
		00A77B23227181860033ED8A /* LocalData.swift in Sources */ = {isa = PBXBuildFile; fileRef = 00A77B22227181860033ED8A /* LocalData.swift */; };
		00A79F29227309A0008D4424 /* SettingTableViewController.swift in Sources */ = {isa = PBXBuildFile; fileRef = 00A79F28227309A0008D4424 /* SettingTableViewController.swift */; };
		00A79F2B2273164D008D4424 /* SettingTableViewCell.swift in Sources */ = {isa = PBXBuildFile; fileRef = 00A79F2A2273164D008D4424 /* SettingTableViewCell.swift */; };
		00C7135C226ADD6700E1EA36 /* SearchPlantUI.swift in Sources */ = {isa = PBXBuildFile; fileRef = 00C7135B226ADD6700E1EA36 /* SearchPlantUI.swift */; };
		00C7135F226ADE3400E1EA36 /* Plant.swift in Sources */ = {isa = PBXBuildFile; fileRef = 00C7135E226ADE3400E1EA36 /* Plant.swift */; };
		00C71364226AFC2C00E1EA36 /* Filter.swift in Sources */ = {isa = PBXBuildFile; fileRef = 00C71363226AFC2C00E1EA36 /* Filter.swift */; };
		00C71366226AFF5F00E1EA36 /* FilterTableViewController.swift in Sources */ = {isa = PBXBuildFile; fileRef = 00C71365226AFF5F00E1EA36 /* FilterTableViewController.swift */; };
		00C71368226AFF8900E1EA36 /* PlantSearchTableViewController.swift in Sources */ = {isa = PBXBuildFile; fileRef = 00C71367226AFF8900E1EA36 /* PlantSearchTableViewController.swift */; };
		00C7136B226B4CB700E1EA36 /* FilterCategoryTableViewCell.swift in Sources */ = {isa = PBXBuildFile; fileRef = 00C7136A226B4CB600E1EA36 /* FilterCategoryTableViewCell.swift */; };
		00C7136D226B4CC600E1EA36 /* FilterLocationTableViewCell.swift in Sources */ = {isa = PBXBuildFile; fileRef = 00C7136C226B4CC600E1EA36 /* FilterLocationTableViewCell.swift */; };
		00C7136F226B4CE900E1EA36 /* FilterHarvestTableViewCell.swift in Sources */ = {isa = PBXBuildFile; fileRef = 00C7136E226B4CE900E1EA36 /* FilterHarvestTableViewCell.swift */; };
		00C71371226B4CF400E1EA36 /* FilterSpacingTableViewCell.swift in Sources */ = {isa = PBXBuildFile; fileRef = 00C71370226B4CF400E1EA36 /* FilterSpacingTableViewCell.swift */; };
		00C71374226BF56500E1EA36 /* RangeSeekSlider.swift in Sources */ = {isa = PBXBuildFile; fileRef = 00C71373226BF56500E1EA36 /* RangeSeekSlider.swift */; };
		00C71376226BF59D00E1EA36 /* RangeSeekSliderDelegate.swift in Sources */ = {isa = PBXBuildFile; fileRef = 00C71375226BF59D00E1EA36 /* RangeSeekSliderDelegate.swift */; };
		00C71378226BF5D700E1EA36 /* TapticEngine.swift in Sources */ = {isa = PBXBuildFile; fileRef = 00C71377226BF5D700E1EA36 /* TapticEngine.swift */; };
		00C7137A226CB7F500E1EA36 /* plantData.json in Resources */ = {isa = PBXBuildFile; fileRef = 00C71379226CB7F500E1EA36 /* plantData.json */; };
		00C7137C226CBD2100E1EA36 /* NetworkHandler.swift in Sources */ = {isa = PBXBuildFile; fileRef = 00C7137B226CBD2100E1EA36 /* NetworkHandler.swift */; };
		00C7137E226D88B800E1EA36 /* SearchPlantTableViewCell.swift in Sources */ = {isa = PBXBuildFile; fileRef = 00C7137D226D88B800E1EA36 /* SearchPlantTableViewCell.swift */; };
		00C71380226DDCF200E1EA36 /* User.swift in Sources */ = {isa = PBXBuildFile; fileRef = 00C7137F226DDCF200E1EA36 /* User.swift */; };
		00C71383226DE6E100E1EA36 /* HomeFarmTableViewCell.swift in Sources */ = {isa = PBXBuildFile; fileRef = 00C71382226DE6E100E1EA36 /* HomeFarmTableViewCell.swift */; };
		00C71386226DE7E500E1EA36 /* HomeTableViewController.swift in Sources */ = {isa = PBXBuildFile; fileRef = 00C71385226DE7E500E1EA36 /* HomeTableViewController.swift */; };
		00C71388226DE83000E1EA36 /* HomeUI.swift in Sources */ = {isa = PBXBuildFile; fileRef = 00C71387226DE83000E1EA36 /* HomeUI.swift */; };
		00C8CCD1227D8B7E00917787 /* FilterMonthTableViewCell.swift in Sources */ = {isa = PBXBuildFile; fileRef = 00C8CCD0227D8B7E00917787 /* FilterMonthTableViewCell.swift */; };
		00DA8624226453F100049557 /* AppDelegate.swift in Sources */ = {isa = PBXBuildFile; fileRef = 00DA8623226453F100049557 /* AppDelegate.swift */; };
		00DA8628226453F100049557 /* MapViewController.swift in Sources */ = {isa = PBXBuildFile; fileRef = 00DA8627226453F100049557 /* MapViewController.swift */; };
		00DA862B226453F100049557 /* Main.storyboard in Resources */ = {isa = PBXBuildFile; fileRef = 00DA8629226453F100049557 /* Main.storyboard */; };
		00DA862D226453F200049557 /* Assets.xcassets in Resources */ = {isa = PBXBuildFile; fileRef = 00DA862C226453F200049557 /* Assets.xcassets */; };
		00DA8630226453F200049557 /* LaunchScreen.storyboard in Resources */ = {isa = PBXBuildFile; fileRef = 00DA862E226453F200049557 /* LaunchScreen.storyboard */; };
		00DA863B226453F200049557 /* OhFarmV2_0Tests.swift in Sources */ = {isa = PBXBuildFile; fileRef = 00DA863A226453F200049557 /* OhFarmV2_0Tests.swift */; };
		00DA864B22646CE800049557 /* Community.swift in Sources */ = {isa = PBXBuildFile; fileRef = 00DA864A22646CE800049557 /* Community.swift */; };
		00FCC0842271F49D00CD3D20 /* ProfileTableViewController.swift in Sources */ = {isa = PBXBuildFile; fileRef = 00FCC0832271F49D00CD3D20 /* ProfileTableViewController.swift */; };
		00FCC0872271F52700CD3D20 /* ProfileTopTableViewCell.swift in Sources */ = {isa = PBXBuildFile; fileRef = 00FCC0862271F52700CD3D20 /* ProfileTopTableViewCell.swift */; };
		00FCC0892271FAAA00CD3D20 /* ProfileOptionTableViewCell.swift in Sources */ = {isa = PBXBuildFile; fileRef = 00FCC0882271FAAA00CD3D20 /* ProfileOptionTableViewCell.swift */; };
		D010DAAED5FF760655F16663 /* Pods_OhFarmV2_0.framework in Frameworks */ = {isa = PBXBuildFile; fileRef = 18B1B8750CFCBC6E6F8F8EE7 /* Pods_OhFarmV2_0.framework */; };
		F4D55D93C5972FFC1BD52313 /* Pods_OhFarmV2_0Tests.framework in Frameworks */ = {isa = PBXBuildFile; fileRef = 3CFAA1AFC211582FE6581FF5 /* Pods_OhFarmV2_0Tests.framework */; };
/* End PBXBuildFile section */

/* Begin PBXContainerItemProxy section */
		00DA8637226453F200049557 /* PBXContainerItemProxy */ = {
			isa = PBXContainerItemProxy;
			containerPortal = 00DA8618226453F100049557 /* Project object */;
			proxyType = 1;
			remoteGlobalIDString = 00DA861F226453F100049557;
			remoteInfo = OhFarmV2.0;
		};
/* End PBXContainerItemProxy section */

/* Begin PBXFileReference section */
		002E047B22671B27000871F5 /* communityFarmData.json */ = {isa = PBXFileReference; fileEncoding = 4; lastKnownFileType = text.json; name = communityFarmData.json; path = ../communityFarmData.json; sourceTree = "<group>"; };
		002E047D22671E68000871F5 /* SearchResultTableViewController.swift */ = {isa = PBXFileReference; lastKnownFileType = sourcecode.swift; path = SearchResultTableViewController.swift; sourceTree = "<group>"; };
		002E047F22671EA8000871F5 /* SuggestionsTableTableViewController.swift */ = {isa = PBXFileReference; lastKnownFileType = sourcecode.swift; path = SuggestionsTableTableViewController.swift; sourceTree = "<group>"; };
		002E048222671F92000871F5 /* LocationManager.swift */ = {isa = PBXFileReference; lastKnownFileType = sourcecode.swift; path = LocationManager.swift; sourceTree = "<group>"; };
		002E048422671FEA000871F5 /* MKPlacemark+Extension.swift */ = {isa = PBXFileReference; lastKnownFileType = sourcecode.swift; path = "MKPlacemark+Extension.swift"; sourceTree = "<group>"; };
		0033A015227EE14A00D3F879 /* OhFarmV2.0.entitlements */ = {isa = PBXFileReference; lastKnownFileType = text.plist.entitlements; path = OhFarmV2.0.entitlements; sourceTree = "<group>"; };
		00395DB32274322F00EC9293 /* FavouriteTableViewCell.swift */ = {isa = PBXFileReference; lastKnownFileType = sourcecode.swift; path = FavouriteTableViewCell.swift; sourceTree = "<group>"; };
		00395DB52274326A00EC9293 /* FavouriteTableViewController.swift */ = {isa = PBXFileReference; lastKnownFileType = sourcecode.swift; path = FavouriteTableViewController.swift; sourceTree = "<group>"; };
		00395DB82275543C00EC9293 /* LoginViewController.swift */ = {isa = PBXFileReference; lastKnownFileType = sourcecode.swift; path = LoginViewController.swift; sourceTree = "<group>"; };
		00395DBA2275667E00EC9293 /* MonthCell.xib */ = {isa = PBXFileReference; lastKnownFileType = file.xib; path = MonthCell.xib; sourceTree = "<group>"; };
		00395DBC22756A5000EC9293 /* MonthTableViewCell.swift */ = {isa = PBXFileReference; lastKnownFileType = sourcecode.swift; path = MonthTableViewCell.swift; sourceTree = "<group>"; };
		00395DC72275896300EC9293 /* NoResultTableViewCell.swift */ = {isa = PBXFileReference; lastKnownFileType = sourcecode.swift; path = NoResultTableViewCell.swift; sourceTree = "<group>"; };
		00395DF22278163100EC9293 /* CACellTableViewCell.swift */ = {isa = PBXFileReference; lastKnownFileType = sourcecode.swift; path = CACellTableViewCell.swift; sourceTree = "<group>"; };
		00395DF32278163100EC9293 /* CACellTableViewCell.xib */ = {isa = PBXFileReference; lastKnownFileType = file.xib; path = CACellTableViewCell.xib; sourceTree = "<group>"; };
		00395DF72278203A00EC9293 /* CACollectionViewCell.swift */ = {isa = PBXFileReference; lastKnownFileType = sourcecode.swift; path = CACollectionViewCell.swift; sourceTree = "<group>"; };
		00395DF82278203A00EC9293 /* CACollectionViewCell.xib */ = {isa = PBXFileReference; lastKnownFileType = file.xib; path = CACollectionViewCell.xib; sourceTree = "<group>"; };
		0060658322829F6E00742147 /* CheckListViewController.swift */ = {isa = PBXFileReference; lastKnownFileType = sourcecode.swift; path = CheckListViewController.swift; sourceTree = "<group>"; };
		006065872282A84F00742147 /* IndoorTableViewController.swift */ = {isa = PBXFileReference; lastKnownFileType = sourcecode.swift; path = IndoorTableViewController.swift; sourceTree = "<group>"; };
		006065892282A9F000742147 /* checkList.json */ = {isa = PBXFileReference; fileEncoding = 4; lastKnownFileType = text.json; path = checkList.json; sourceTree = SOURCE_ROOT; };
		0060658F2282BDCA00742147 /* CheckListTableViewCell.swift */ = {isa = PBXFileReference; lastKnownFileType = sourcecode.swift; path = CheckListTableViewCell.swift; sourceTree = "<group>"; };
		006065902282BDCA00742147 /* CheckListTableViewCell.xib */ = {isa = PBXFileReference; lastKnownFileType = file.xib; path = CheckListTableViewCell.xib; sourceTree = "<group>"; };
		006065972282C88000742147 /* CheckListHolderViewController.swift */ = {isa = PBXFileReference; lastKnownFileType = sourcecode.swift; path = CheckListHolderViewController.swift; sourceTree = "<group>"; };
		0088748B2279B46600475095 /* HintsTableViewController.swift */ = {isa = PBXFileReference; lastKnownFileType = sourcecode.swift; path = HintsTableViewController.swift; sourceTree = "<group>"; };
		0088748F2279BBD700475095 /* IntroductionView.swift */ = {isa = PBXFileReference; lastKnownFileType = sourcecode.swift; path = IntroductionView.swift; sourceTree = "<group>"; };
		008874912279BBE300475095 /* IntroductionView.xib */ = {isa = PBXFileReference; lastKnownFileType = file.xib; path = IntroductionView.xib; sourceTree = "<group>"; };
		008874932279BEA500475095 /* IntroductionViewController.swift */ = {isa = PBXFileReference; lastKnownFileType = sourcecode.swift; path = IntroductionViewController.swift; sourceTree = "<group>"; };
		00A77AF822700D940033ED8A /* PlantDetailViewController.swift */ = {isa = PBXFileReference; lastKnownFileType = sourcecode.swift; path = PlantDetailViewController.swift; sourceTree = "<group>"; };
		00A77AFB22702B5F0033ED8A /* DefaultPlantInfoTableViewCell.swift */ = {isa = PBXFileReference; lastKnownFileType = sourcecode.swift; path = DefaultPlantInfoTableViewCell.swift; sourceTree = "<group>"; };
		00A77AFD22702B8E0033ED8A /* DefaultPlantCell.xib */ = {isa = PBXFileReference; lastKnownFileType = file.xib; path = DefaultPlantCell.xib; sourceTree = "<group>"; };
		00A77AFF227032440033ED8A /* PlantInfoSlideViewController.swift */ = {isa = PBXFileReference; lastKnownFileType = sourcecode.swift; path = PlantInfoSlideViewController.swift; sourceTree = "<group>"; };
		00A77B01227032CD0033ED8A /* PlantInfoOneTableViewController.swift */ = {isa = PBXFileReference; lastKnownFileType = sourcecode.swift; path = PlantInfoOneTableViewController.swift; sourceTree = "<group>"; };
		00A77B05227045B80033ED8A /* PlantingInfoTableViewController.swift */ = {isa = PBXFileReference; lastKnownFileType = sourcecode.swift; path = PlantingInfoTableViewController.swift; sourceTree = "<group>"; };
		00A77B07227045E80033ED8A /* CulinaryHintsViewController.swift */ = {isa = PBXFileReference; lastKnownFileType = sourcecode.swift; path = CulinaryHintsViewController.swift; sourceTree = "<group>"; };
		00A77B0B22709E690033ED8A /* TabBarViewController.swift */ = {isa = PBXFileReference; lastKnownFileType = sourcecode.swift; path = TabBarViewController.swift; sourceTree = "<group>"; };
		00A77B102270A36D0033ED8A /* PhotoSlide.xib */ = {isa = PBXFileReference; lastKnownFileType = file.xib; path = PhotoSlide.xib; sourceTree = "<group>"; };
		00A77B122270A4CE0033ED8A /* PhotoSlide.swift */ = {isa = PBXFileReference; lastKnownFileType = sourcecode.swift; path = PhotoSlide.swift; sourceTree = "<group>"; };
		00A77B19227141550033ED8A /* AvoidCompanionSlide.swift */ = {isa = PBXFileReference; lastKnownFileType = sourcecode.swift; path = AvoidCompanionSlide.swift; sourceTree = "<group>"; };
		00A77B1B227141650033ED8A /* AvoidCompanionSlide.xib */ = {isa = PBXFileReference; lastKnownFileType = file.xib; path = AvoidCompanionSlide.xib; sourceTree = "<group>"; };
		00A77B1D227154400033ED8A /* PlantAvoidTableViewCell.swift */ = {isa = PBXFileReference; lastKnownFileType = sourcecode.swift; path = PlantAvoidTableViewCell.swift; sourceTree = "<group>"; };
		00A77B20227156180033ED8A /* PlantAvoidCell.xib */ = {isa = PBXFileReference; lastKnownFileType = file.xib; path = PlantAvoidCell.xib; sourceTree = "<group>"; };
		00A77B22227181860033ED8A /* LocalData.swift */ = {isa = PBXFileReference; lastKnownFileType = sourcecode.swift; path = LocalData.swift; sourceTree = "<group>"; };
		00A79F28227309A0008D4424 /* SettingTableViewController.swift */ = {isa = PBXFileReference; lastKnownFileType = sourcecode.swift; path = SettingTableViewController.swift; sourceTree = "<group>"; };
		00A79F2A2273164D008D4424 /* SettingTableViewCell.swift */ = {isa = PBXFileReference; lastKnownFileType = sourcecode.swift; path = SettingTableViewCell.swift; sourceTree = "<group>"; };
		00C7135B226ADD6700E1EA36 /* SearchPlantUI.swift */ = {isa = PBXFileReference; lastKnownFileType = sourcecode.swift; path = SearchPlantUI.swift; sourceTree = "<group>"; };
		00C7135E226ADE3400E1EA36 /* Plant.swift */ = {isa = PBXFileReference; lastKnownFileType = sourcecode.swift; path = Plant.swift; sourceTree = "<group>"; };
		00C71363226AFC2C00E1EA36 /* Filter.swift */ = {isa = PBXFileReference; lastKnownFileType = sourcecode.swift; path = Filter.swift; sourceTree = "<group>"; };
		00C71365226AFF5F00E1EA36 /* FilterTableViewController.swift */ = {isa = PBXFileReference; lastKnownFileType = sourcecode.swift; path = FilterTableViewController.swift; sourceTree = "<group>"; };
		00C71367226AFF8900E1EA36 /* PlantSearchTableViewController.swift */ = {isa = PBXFileReference; lastKnownFileType = sourcecode.swift; path = PlantSearchTableViewController.swift; sourceTree = "<group>"; };
		00C7136A226B4CB600E1EA36 /* FilterCategoryTableViewCell.swift */ = {isa = PBXFileReference; lastKnownFileType = sourcecode.swift; path = FilterCategoryTableViewCell.swift; sourceTree = "<group>"; };
		00C7136C226B4CC600E1EA36 /* FilterLocationTableViewCell.swift */ = {isa = PBXFileReference; lastKnownFileType = sourcecode.swift; path = FilterLocationTableViewCell.swift; sourceTree = "<group>"; };
		00C7136E226B4CE900E1EA36 /* FilterHarvestTableViewCell.swift */ = {isa = PBXFileReference; lastKnownFileType = sourcecode.swift; path = FilterHarvestTableViewCell.swift; sourceTree = "<group>"; };
		00C71370226B4CF400E1EA36 /* FilterSpacingTableViewCell.swift */ = {isa = PBXFileReference; lastKnownFileType = sourcecode.swift; path = FilterSpacingTableViewCell.swift; sourceTree = "<group>"; };
		00C71373226BF56500E1EA36 /* RangeSeekSlider.swift */ = {isa = PBXFileReference; lastKnownFileType = sourcecode.swift; path = RangeSeekSlider.swift; sourceTree = "<group>"; };
		00C71375226BF59D00E1EA36 /* RangeSeekSliderDelegate.swift */ = {isa = PBXFileReference; lastKnownFileType = sourcecode.swift; path = RangeSeekSliderDelegate.swift; sourceTree = "<group>"; };
		00C71377226BF5D700E1EA36 /* TapticEngine.swift */ = {isa = PBXFileReference; lastKnownFileType = sourcecode.swift; path = TapticEngine.swift; sourceTree = "<group>"; };
		00C71379226CB7F500E1EA36 /* plantData.json */ = {isa = PBXFileReference; fileEncoding = 4; lastKnownFileType = text.json; path = plantData.json; sourceTree = SOURCE_ROOT; };
		00C7137B226CBD2100E1EA36 /* NetworkHandler.swift */ = {isa = PBXFileReference; lastKnownFileType = sourcecode.swift; path = NetworkHandler.swift; sourceTree = "<group>"; };
		00C7137D226D88B800E1EA36 /* SearchPlantTableViewCell.swift */ = {isa = PBXFileReference; lastKnownFileType = sourcecode.swift; path = SearchPlantTableViewCell.swift; sourceTree = "<group>"; };
		00C7137F226DDCF200E1EA36 /* User.swift */ = {isa = PBXFileReference; lastKnownFileType = sourcecode.swift; path = User.swift; sourceTree = "<group>"; };
		00C71382226DE6E100E1EA36 /* HomeFarmTableViewCell.swift */ = {isa = PBXFileReference; lastKnownFileType = sourcecode.swift; path = HomeFarmTableViewCell.swift; sourceTree = "<group>"; };
		00C71385226DE7E500E1EA36 /* HomeTableViewController.swift */ = {isa = PBXFileReference; lastKnownFileType = sourcecode.swift; path = HomeTableViewController.swift; sourceTree = "<group>"; };
		00C71387226DE83000E1EA36 /* HomeUI.swift */ = {isa = PBXFileReference; lastKnownFileType = sourcecode.swift; path = HomeUI.swift; sourceTree = "<group>"; };
		00C8CCD0227D8B7E00917787 /* FilterMonthTableViewCell.swift */ = {isa = PBXFileReference; lastKnownFileType = sourcecode.swift; path = FilterMonthTableViewCell.swift; sourceTree = "<group>"; };
		00DA8620226453F100049557 /* OhFarmV2.0.app */ = {isa = PBXFileReference; explicitFileType = wrapper.application; includeInIndex = 0; path = OhFarmV2.0.app; sourceTree = BUILT_PRODUCTS_DIR; };
		00DA8623226453F100049557 /* AppDelegate.swift */ = {isa = PBXFileReference; lastKnownFileType = sourcecode.swift; path = AppDelegate.swift; sourceTree = "<group>"; };
		00DA8627226453F100049557 /* MapViewController.swift */ = {isa = PBXFileReference; lastKnownFileType = sourcecode.swift; path = MapViewController.swift; sourceTree = "<group>"; };
		00DA862A226453F100049557 /* Base */ = {isa = PBXFileReference; lastKnownFileType = file.storyboard; name = Base; path = Base.lproj/Main.storyboard; sourceTree = "<group>"; };
		00DA862C226453F200049557 /* Assets.xcassets */ = {isa = PBXFileReference; lastKnownFileType = folder.assetcatalog; path = Assets.xcassets; sourceTree = "<group>"; };
		00DA862F226453F200049557 /* Base */ = {isa = PBXFileReference; lastKnownFileType = file.storyboard; name = Base; path = Base.lproj/LaunchScreen.storyboard; sourceTree = "<group>"; };
		00DA8631226453F200049557 /* Info.plist */ = {isa = PBXFileReference; lastKnownFileType = text.plist.xml; path = Info.plist; sourceTree = "<group>"; };
		00DA8636226453F200049557 /* OhFarmV2.0Tests.xctest */ = {isa = PBXFileReference; explicitFileType = wrapper.cfbundle; includeInIndex = 0; path = OhFarmV2.0Tests.xctest; sourceTree = BUILT_PRODUCTS_DIR; };
		00DA863A226453F200049557 /* OhFarmV2_0Tests.swift */ = {isa = PBXFileReference; lastKnownFileType = sourcecode.swift; path = OhFarmV2_0Tests.swift; sourceTree = "<group>"; };
		00DA863C226453F200049557 /* Info.plist */ = {isa = PBXFileReference; lastKnownFileType = text.plist.xml; path = Info.plist; sourceTree = "<group>"; };
		00DA864A22646CE800049557 /* Community.swift */ = {isa = PBXFileReference; lastKnownFileType = sourcecode.swift; path = Community.swift; sourceTree = "<group>"; };
		00FCC0832271F49D00CD3D20 /* ProfileTableViewController.swift */ = {isa = PBXFileReference; lastKnownFileType = sourcecode.swift; path = ProfileTableViewController.swift; sourceTree = "<group>"; };
		00FCC0862271F52700CD3D20 /* ProfileTopTableViewCell.swift */ = {isa = PBXFileReference; lastKnownFileType = sourcecode.swift; path = ProfileTopTableViewCell.swift; sourceTree = "<group>"; };
		00FCC0882271FAAA00CD3D20 /* ProfileOptionTableViewCell.swift */ = {isa = PBXFileReference; lastKnownFileType = sourcecode.swift; path = ProfileOptionTableViewCell.swift; sourceTree = "<group>"; };
		157E634BE2ED7B110C67DB55 /* Pods-OhFarmV2.0Tests.debug.xcconfig */ = {isa = PBXFileReference; includeInIndex = 1; lastKnownFileType = text.xcconfig; name = "Pods-OhFarmV2.0Tests.debug.xcconfig"; path = "Target Support Files/Pods-OhFarmV2.0Tests/Pods-OhFarmV2.0Tests.debug.xcconfig"; sourceTree = "<group>"; };
		179FF70CAADDD892CEA7CCFA /* Pods-OhFarmV2.0.release.xcconfig */ = {isa = PBXFileReference; includeInIndex = 1; lastKnownFileType = text.xcconfig; name = "Pods-OhFarmV2.0.release.xcconfig"; path = "Target Support Files/Pods-OhFarmV2.0/Pods-OhFarmV2.0.release.xcconfig"; sourceTree = "<group>"; };
		18B1B8750CFCBC6E6F8F8EE7 /* Pods_OhFarmV2_0.framework */ = {isa = PBXFileReference; explicitFileType = wrapper.framework; includeInIndex = 0; path = Pods_OhFarmV2_0.framework; sourceTree = BUILT_PRODUCTS_DIR; };
		3153423E27BE654205A6FA82 /* Pods-OhFarmV2.0.debug.xcconfig */ = {isa = PBXFileReference; includeInIndex = 1; lastKnownFileType = text.xcconfig; name = "Pods-OhFarmV2.0.debug.xcconfig"; path = "Target Support Files/Pods-OhFarmV2.0/Pods-OhFarmV2.0.debug.xcconfig"; sourceTree = "<group>"; };
		3CFAA1AFC211582FE6581FF5 /* Pods_OhFarmV2_0Tests.framework */ = {isa = PBXFileReference; explicitFileType = wrapper.framework; includeInIndex = 0; path = Pods_OhFarmV2_0Tests.framework; sourceTree = BUILT_PRODUCTS_DIR; };
		D61EEAED72C526F725A99EDF /* Pods-OhFarmV2.0Tests.release.xcconfig */ = {isa = PBXFileReference; includeInIndex = 1; lastKnownFileType = text.xcconfig; name = "Pods-OhFarmV2.0Tests.release.xcconfig"; path = "Target Support Files/Pods-OhFarmV2.0Tests/Pods-OhFarmV2.0Tests.release.xcconfig"; sourceTree = "<group>"; };
/* End PBXFileReference section */

/* Begin PBXFrameworksBuildPhase section */
		00DA861D226453F100049557 /* Frameworks */ = {
			isa = PBXFrameworksBuildPhase;
			buildActionMask = 2147483647;
			files = (
				D010DAAED5FF760655F16663 /* Pods_OhFarmV2_0.framework in Frameworks */,
			);
			runOnlyForDeploymentPostprocessing = 0;
		};
		00DA8633226453F200049557 /* Frameworks */ = {
			isa = PBXFrameworksBuildPhase;
			buildActionMask = 2147483647;
			files = (
				F4D55D93C5972FFC1BD52313 /* Pods_OhFarmV2_0Tests.framework in Frameworks */,
			);
			runOnlyForDeploymentPostprocessing = 0;
		};
/* End PBXFrameworksBuildPhase section */

/* Begin PBXGroup section */
		002E048122671F71000871F5 /* Community Model */ = {
			isa = PBXGroup;
			children = (
				00DA864A22646CE800049557 /* Community.swift */,
				002E048422671FEA000871F5 /* MKPlacemark+Extension.swift */,
				002E048222671F92000871F5 /* LocationManager.swift */,
			);
			path = "Community Model";
			sourceTree = "<group>";
		};
		00395DEF227815C100EC9293 /* month table cell */ = {
			isa = PBXGroup;
			children = (
				00395DBC22756A5000EC9293 /* MonthTableViewCell.swift */,
				00395DBA2275667E00EC9293 /* MonthCell.xib */,
			);
			path = "month table cell";
			sourceTree = "<group>";
		};
		00395DF0227815DB00EC9293 /* Photo slide */ = {
			isa = PBXGroup;
			children = (
				00A77B122270A4CE0033ED8A /* PhotoSlide.swift */,
				00A77B102270A36D0033ED8A /* PhotoSlide.xib */,
			);
			path = "Photo slide";
			sourceTree = "<group>";
		};
		00395DF1227815F200EC9293 /* Avoid and Compatible cell */ = {
			isa = PBXGroup;
			children = (
				00395DF62278200700EC9293 /* Collection view */,
				00395DF22278163100EC9293 /* CACellTableViewCell.swift */,
				00395DF32278163100EC9293 /* CACellTableViewCell.xib */,
			);
			path = "Avoid and Compatible cell";
			sourceTree = "<group>";
		};
		00395DF62278200700EC9293 /* Collection view */ = {
			isa = PBXGroup;
			children = (
				00395DF72278203A00EC9293 /* CACollectionViewCell.swift */,
				00395DF82278203A00EC9293 /* CACollectionViewCell.xib */,
			);
			path = "Collection view";
			sourceTree = "<group>";
		};
		0060658222829F4300742147 /* Check List */ = {
			isa = PBXGroup;
			children = (
				006065972282C88000742147 /* CheckListHolderViewController.swift */,
				0060658322829F6E00742147 /* CheckListViewController.swift */,
				006065862282A82500742147 /* Sections */,
			);
			path = "Check List";
			sourceTree = "<group>";
		};
		006065862282A82500742147 /* Sections */ = {
			isa = PBXGroup;
			children = (
				006065872282A84F00742147 /* IndoorTableViewController.swift */,
			);
			path = Sections;
			sourceTree = "<group>";
		};
		0060658E2282BDAE00742147 /* Check List model */ = {
			isa = PBXGroup;
			children = (
				0060658F2282BDCA00742147 /* CheckListTableViewCell.swift */,
				006065902282BDCA00742147 /* CheckListTableViewCell.xib */,
			);
			path = "Check List model";
			sourceTree = "<group>";
		};
		0088748D2279BB6700475095 /* Introduction and login */ = {
			isa = PBXGroup;
			children = (
				0088748F2279BBD700475095 /* IntroductionView.swift */,
				008874912279BBE300475095 /* IntroductionView.xib */,
			);
			path = "Introduction and login";
			sourceTree = "<group>";
		};
		0088748E2279BB7A00475095 /* Introduction and login */ = {
			isa = PBXGroup;
			children = (
				00395DB82275543C00EC9293 /* LoginViewController.swift */,
				008874932279BEA500475095 /* IntroductionViewController.swift */,
			);
			path = "Introduction and login";
			sourceTree = "<group>";
		};
		00A77AF722700D6E0033ED8A /* Plant Detail Controller */ = {
			isa = PBXGroup;
			children = (
				00A77AF822700D940033ED8A /* PlantDetailViewController.swift */,
				00A77AFF227032440033ED8A /* PlantInfoSlideViewController.swift */,
				00A77B04227032DF0033ED8A /* Slider Plant info view controller */,
			);
			path = "Plant Detail Controller";
			sourceTree = "<group>";
		};
		00A77AFA227027DC0033ED8A /* Plant Detail Model */ = {
			isa = PBXGroup;
			children = (
				00395DF0227815DB00EC9293 /* Photo slide */,
				00395DEF227815C100EC9293 /* month table cell */,
				00395DF1227815F200EC9293 /* Avoid and Compatible cell */,
				00A77AFB22702B5F0033ED8A /* DefaultPlantInfoTableViewCell.swift */,
				00A77AFD22702B8E0033ED8A /* DefaultPlantCell.xib */,
				00A77B1822713E670033ED8A /* Avoid and companion cell */,
			);
			path = "Plant Detail Model";
			sourceTree = "<group>";
		};
		00A77B04227032DF0033ED8A /* Slider Plant info view controller */ = {
			isa = PBXGroup;
			children = (
				00A77B01227032CD0033ED8A /* PlantInfoOneTableViewController.swift */,
				00A77B05227045B80033ED8A /* PlantingInfoTableViewController.swift */,
				0088748B2279B46600475095 /* HintsTableViewController.swift */,
				00A77B07227045E80033ED8A /* CulinaryHintsViewController.swift */,
			);
			path = "Slider Plant info view controller";
			sourceTree = "<group>";
		};
		00A77B1822713E670033ED8A /* Avoid and companion cell */ = {
			isa = PBXGroup;
			children = (
				00A77B1D227154400033ED8A /* PlantAvoidTableViewCell.swift */,
				00A77B20227156180033ED8A /* PlantAvoidCell.xib */,
				00A77B19227141550033ED8A /* AvoidCompanionSlide.swift */,
				00A77B1B227141650033ED8A /* AvoidCompanionSlide.xib */,
			);
			path = "Avoid and companion cell";
			sourceTree = "<group>";
		};
		00C7135D226ADDB400E1EA36 /* Search controller */ = {
			isa = PBXGroup;
			children = (
				00C71365226AFF5F00E1EA36 /* FilterTableViewController.swift */,
				00C71367226AFF8900E1EA36 /* PlantSearchTableViewController.swift */,
			);
			path = "Search controller";
			sourceTree = "<group>";
		};
		00C71362226AFBF500E1EA36 /* Search Model */ = {
			isa = PBXGroup;
			children = (
				00C71369226B4C8600E1EA36 /* Search cell */,
				00C71363226AFC2C00E1EA36 /* Filter.swift */,
			);
			path = "Search Model";
			sourceTree = "<group>";
		};
		00C71369226B4C8600E1EA36 /* Search cell */ = {
			isa = PBXGroup;
			children = (
				00C7137D226D88B800E1EA36 /* SearchPlantTableViewCell.swift */,
				00395DC72275896300EC9293 /* NoResultTableViewCell.swift */,
				00FB47A3227D882A009F01F8 /* Filter cell */,
			);
			path = "Search cell";
			sourceTree = "<group>";
		};
		00C71372226BF54C00E1EA36 /* Range Seek Slider */ = {
			isa = PBXGroup;
			children = (
				00C71373226BF56500E1EA36 /* RangeSeekSlider.swift */,
				00C71375226BF59D00E1EA36 /* RangeSeekSliderDelegate.swift */,
				00C71377226BF5D700E1EA36 /* TapticEngine.swift */,
			);
			path = "Range Seek Slider";
			sourceTree = "<group>";
		};
		00C71381226DE6C800E1EA36 /* Home Model */ = {
			isa = PBXGroup;
			children = (
				00C71382226DE6E100E1EA36 /* HomeFarmTableViewCell.swift */,
			);
			path = "Home Model";
			sourceTree = "<group>";
		};
		00C71384226DE75600E1EA36 /* Home controller */ = {
			isa = PBXGroup;
			children = (
				00C71385226DE7E500E1EA36 /* HomeTableViewController.swift */,
			);
			path = "Home controller";
			sourceTree = "<group>";
		};
		00C71389226DE83B00E1EA36 /* UI */ = {
			isa = PBXGroup;
			children = (
				00C7135B226ADD6700E1EA36 /* SearchPlantUI.swift */,
				00C71387226DE83000E1EA36 /* HomeUI.swift */,
			);
			path = UI;
			sourceTree = "<group>";
		};
		00DA8617226453F100049557 = {
			isa = PBXGroup;
			children = (
				00DA8622226453F100049557 /* OhFarmV2.0 */,
				00DA8639226453F200049557 /* OhFarmV2.0Tests */,
				00DA8621226453F100049557 /* Products */,
				F39095A2822755989008447F /* Pods */,
				3C3523F6B9A3AA772221DD31 /* Frameworks */,
			);
			sourceTree = "<group>";
		};
		00DA8621226453F100049557 /* Products */ = {
			isa = PBXGroup;
			children = (
				00DA8620226453F100049557 /* OhFarmV2.0.app */,
				00DA8636226453F200049557 /* OhFarmV2.0Tests.xctest */,
			);
			name = Products;
			sourceTree = "<group>";
		};
		00DA8622226453F100049557 /* OhFarmV2.0 */ = {
			isa = PBXGroup;
			children = (
				0033A015227EE14A00D3F879 /* OhFarmV2.0.entitlements */,
				00DA8623226453F100049557 /* AppDelegate.swift */,
				00C71389226DE83B00E1EA36 /* UI */,
				00DA864822646C9800049557 /* Model */,
				00DA86462264555400049557 /* Control */,
				00DA8647226455A600049557 /* View */,
				00DA8631226453F200049557 /* Info.plist */,
				006065892282A9F000742147 /* checkList.json */,
				00C71379226CB7F500E1EA36 /* plantData.json */,
				002E047B22671B27000871F5 /* communityFarmData.json */,
			);
			path = OhFarmV2.0;
			sourceTree = "<group>";
		};
		00DA8639226453F200049557 /* OhFarmV2.0Tests */ = {
			isa = PBXGroup;
			children = (
				00DA863A226453F200049557 /* OhFarmV2_0Tests.swift */,
				00DA863C226453F200049557 /* Info.plist */,
			);
			path = OhFarmV2.0Tests;
			sourceTree = "<group>";
		};
		00DA86462264555400049557 /* Control */ = {
			isa = PBXGroup;
			children = (
				00A77B0B22709E690033ED8A /* TabBarViewController.swift */,
				0060658222829F4300742147 /* Check List */,
				0088748E2279BB7A00475095 /* Introduction and login */,
				00C71384226DE75600E1EA36 /* Home controller */,
				00FCC0822271F46B00CD3D20 /* Profile Controller */,
				00A77AF722700D6E0033ED8A /* Plant Detail Controller */,
				00C7135D226ADDB400E1EA36 /* Search controller */,
				00DA864922646C9F00049557 /* Community controller */,
			);
			path = Control;
			sourceTree = "<group>";
		};
		00DA8647226455A600049557 /* View */ = {
			isa = PBXGroup;
			children = (
				00DA862C226453F200049557 /* Assets.xcassets */,
				00DA8629226453F100049557 /* Main.storyboard */,
				00DA862E226453F200049557 /* LaunchScreen.storyboard */,
			);
			path = View;
			sourceTree = "<group>";
		};
		00DA864822646C9800049557 /* Model */ = {
			isa = PBXGroup;
			children = (
				00C7135E226ADE3400E1EA36 /* Plant.swift */,
				00C7137F226DDCF200E1EA36 /* User.swift */,
				00C7137B226CBD2100E1EA36 /* NetworkHandler.swift */,
				00A77B22227181860033ED8A /* LocalData.swift */,
				0060658E2282BDAE00742147 /* Check List model */,
				0088748D2279BB6700475095 /* Introduction and login */,
				00FCC0852271F4F600CD3D20 /* Profile Model */,
				00C71372226BF54C00E1EA36 /* Range Seek Slider */,
				00C71381226DE6C800E1EA36 /* Home Model */,
				00A77AFA227027DC0033ED8A /* Plant Detail Model */,
				00C71362226AFBF500E1EA36 /* Search Model */,
				002E048122671F71000871F5 /* Community Model */,
			);
			path = Model;
			sourceTree = "<group>";
		};
		00DA864922646C9F00049557 /* Community controller */ = {
			isa = PBXGroup;
			children = (
				00DA8627226453F100049557 /* MapViewController.swift */,
				002E047D22671E68000871F5 /* SearchResultTableViewController.swift */,
				002E047F22671EA8000871F5 /* SuggestionsTableTableViewController.swift */,
			);
			path = "Community controller";
			sourceTree = "<group>";
		};
		00FB47A3227D882A009F01F8 /* Filter cell */ = {
			isa = PBXGroup;
			children = (
				00C7136A226B4CB600E1EA36 /* FilterCategoryTableViewCell.swift */,
				00C7136C226B4CC600E1EA36 /* FilterLocationTableViewCell.swift */,
				00C71370226B4CF400E1EA36 /* FilterSpacingTableViewCell.swift */,
				00C7136E226B4CE900E1EA36 /* FilterHarvestTableViewCell.swift */,
				00C8CCD0227D8B7E00917787 /* FilterMonthTableViewCell.swift */,
			);
			path = "Filter cell";
			sourceTree = "<group>";
		};
		00FCC0822271F46B00CD3D20 /* Profile Controller */ = {
			isa = PBXGroup;
			children = (
				00FCC0832271F49D00CD3D20 /* ProfileTableViewController.swift */,
				00A79F28227309A0008D4424 /* SettingTableViewController.swift */,
				00395DB52274326A00EC9293 /* FavouriteTableViewController.swift */,
			);
			path = "Profile Controller";
			sourceTree = "<group>";
		};
		00FCC0852271F4F600CD3D20 /* Profile Model */ = {
			isa = PBXGroup;
			children = (
				00FCC0862271F52700CD3D20 /* ProfileTopTableViewCell.swift */,
				00FCC0882271FAAA00CD3D20 /* ProfileOptionTableViewCell.swift */,
				00A79F2A2273164D008D4424 /* SettingTableViewCell.swift */,
				00395DB32274322F00EC9293 /* FavouriteTableViewCell.swift */,
			);
			path = "Profile Model";
			sourceTree = "<group>";
		};
		3C3523F6B9A3AA772221DD31 /* Frameworks */ = {
			isa = PBXGroup;
			children = (
				18B1B8750CFCBC6E6F8F8EE7 /* Pods_OhFarmV2_0.framework */,
				3CFAA1AFC211582FE6581FF5 /* Pods_OhFarmV2_0Tests.framework */,
			);
			name = Frameworks;
			sourceTree = "<group>";
		};
		F39095A2822755989008447F /* Pods */ = {
			isa = PBXGroup;
			children = (
				3153423E27BE654205A6FA82 /* Pods-OhFarmV2.0.debug.xcconfig */,
				179FF70CAADDD892CEA7CCFA /* Pods-OhFarmV2.0.release.xcconfig */,
				157E634BE2ED7B110C67DB55 /* Pods-OhFarmV2.0Tests.debug.xcconfig */,
				D61EEAED72C526F725A99EDF /* Pods-OhFarmV2.0Tests.release.xcconfig */,
			);
			path = Pods;
			sourceTree = "<group>";
		};
/* End PBXGroup section */

/* Begin PBXNativeTarget section */
		00DA861F226453F100049557 /* OhFarmV2.0 */ = {
			isa = PBXNativeTarget;
			buildConfigurationList = 00DA863F226453F200049557 /* Build configuration list for PBXNativeTarget "OhFarmV2.0" */;
			buildPhases = (
				7F695AFA2B5DFEB07463CFA5 /* [CP] Check Pods Manifest.lock */,
				00DA861C226453F100049557 /* Sources */,
				00DA861D226453F100049557 /* Frameworks */,
				00DA861E226453F100049557 /* Resources */,
				D4A030F17DC7A7302969CE5C /* [CP] Embed Pods Frameworks */,
			);
			buildRules = (
			);
			dependencies = (
			);
			name = OhFarmV2.0;
			productName = OhFarmV2.0;
			productReference = 00DA8620226453F100049557 /* OhFarmV2.0.app */;
			productType = "com.apple.product-type.application";
		};
		00DA8635226453F200049557 /* OhFarmV2.0Tests */ = {
			isa = PBXNativeTarget;
			buildConfigurationList = 00DA8642226453F200049557 /* Build configuration list for PBXNativeTarget "OhFarmV2.0Tests" */;
			buildPhases = (
				162974D219FCDCFF571D1A54 /* [CP] Check Pods Manifest.lock */,
				00DA8632226453F200049557 /* Sources */,
				00DA8633226453F200049557 /* Frameworks */,
				00DA8634226453F200049557 /* Resources */,
			);
			buildRules = (
			);
			dependencies = (
				00DA8638226453F200049557 /* PBXTargetDependency */,
			);
			name = OhFarmV2.0Tests;
			productName = OhFarmV2.0Tests;
			productReference = 00DA8636226453F200049557 /* OhFarmV2.0Tests.xctest */;
			productType = "com.apple.product-type.bundle.unit-test";
		};
/* End PBXNativeTarget section */

/* Begin PBXProject section */
		00DA8618226453F100049557 /* Project object */ = {
			isa = PBXProject;
			attributes = {
				LastSwiftUpdateCheck = 1020;
				LastUpgradeCheck = 1020;
				ORGANIZATIONNAME = "Peigeng Jiang";
				TargetAttributes = {
					00DA861F226453F100049557 = {
						CreatedOnToolsVersion = 10.2;
						SystemCapabilities = {
							com.apple.Maps.iOS = {
								enabled = 0;
							};
							com.apple.Push = {
								enabled = 0;
							};
						};
					};
					00DA8635226453F200049557 = {
						CreatedOnToolsVersion = 10.2;
						TestTargetID = 00DA861F226453F100049557;
					};
				};
			};
			buildConfigurationList = 00DA861B226453F100049557 /* Build configuration list for PBXProject "OhFarmV2.0" */;
			compatibilityVersion = "Xcode 9.3";
			developmentRegion = en;
			hasScannedForEncodings = 0;
			knownRegions = (
				en,
				Base,
			);
			mainGroup = 00DA8617226453F100049557;
			productRefGroup = 00DA8621226453F100049557 /* Products */;
			projectDirPath = "";
			projectRoot = "";
			targets = (
				00DA861F226453F100049557 /* OhFarmV2.0 */,
				00DA8635226453F200049557 /* OhFarmV2.0Tests */,
			);
		};
/* End PBXProject section */

/* Begin PBXResourcesBuildPhase section */
		00DA861E226453F100049557 /* Resources */ = {
			isa = PBXResourcesBuildPhase;
			buildActionMask = 2147483647;
			files = (
				00395DFA2278203A00EC9293 /* CACollectionViewCell.xib in Resources */,
				006065922282BDCA00742147 /* CheckListTableViewCell.xib in Resources */,
				00A77B21227156180033ED8A /* PlantAvoidCell.xib in Resources */,
				008874922279BBE300475095 /* IntroductionView.xib in Resources */,
				00C7137A226CB7F500E1EA36 /* plantData.json in Resources */,
				00DA8630226453F200049557 /* LaunchScreen.storyboard in Resources */,
				00DA862D226453F200049557 /* Assets.xcassets in Resources */,
				00A77B1C227141650033ED8A /* AvoidCompanionSlide.xib in Resources */,
				00395DF52278163100EC9293 /* CACellTableViewCell.xib in Resources */,
				00A77AFE22702B8E0033ED8A /* DefaultPlantCell.xib in Resources */,
				00DA862B226453F100049557 /* Main.storyboard in Resources */,
				0060658A2282A9F000742147 /* checkList.json in Resources */,
				00A77B112270A36D0033ED8A /* PhotoSlide.xib in Resources */,
				00395DBB2275667E00EC9293 /* MonthCell.xib in Resources */,
				002E047C22671B27000871F5 /* communityFarmData.json in Resources */,
			);
			runOnlyForDeploymentPostprocessing = 0;
		};
		00DA8634226453F200049557 /* Resources */ = {
			isa = PBXResourcesBuildPhase;
			buildActionMask = 2147483647;
			files = (
			);
			runOnlyForDeploymentPostprocessing = 0;
		};
/* End PBXResourcesBuildPhase section */

/* Begin PBXShellScriptBuildPhase section */
		162974D219FCDCFF571D1A54 /* [CP] Check Pods Manifest.lock */ = {
			isa = PBXShellScriptBuildPhase;
			buildActionMask = 2147483647;
			files = (
			);
			inputFileListPaths = (
			);
			inputPaths = (
				"${PODS_PODFILE_DIR_PATH}/Podfile.lock",
				"${PODS_ROOT}/Manifest.lock",
			);
			name = "[CP] Check Pods Manifest.lock";
			outputFileListPaths = (
			);
			outputPaths = (
				"$(DERIVED_FILE_DIR)/Pods-OhFarmV2.0Tests-checkManifestLockResult.txt",
			);
			runOnlyForDeploymentPostprocessing = 0;
			shellPath = /bin/sh;
			shellScript = "diff \"${PODS_PODFILE_DIR_PATH}/Podfile.lock\" \"${PODS_ROOT}/Manifest.lock\" > /dev/null\nif [ $? != 0 ] ; then\n    # print error to STDERR\n    echo \"error: The sandbox is not in sync with the Podfile.lock. Run 'pod install' or update your CocoaPods installation.\" >&2\n    exit 1\nfi\n# This output is used by Xcode 'outputs' to avoid re-running this script phase.\necho \"SUCCESS\" > \"${SCRIPT_OUTPUT_FILE_0}\"\n";
			showEnvVarsInLog = 0;
		};
		7F695AFA2B5DFEB07463CFA5 /* [CP] Check Pods Manifest.lock */ = {
			isa = PBXShellScriptBuildPhase;
			buildActionMask = 2147483647;
			files = (
			);
			inputFileListPaths = (
			);
			inputPaths = (
				"${PODS_PODFILE_DIR_PATH}/Podfile.lock",
				"${PODS_ROOT}/Manifest.lock",
			);
			name = "[CP] Check Pods Manifest.lock";
			outputFileListPaths = (
			);
			outputPaths = (
				"$(DERIVED_FILE_DIR)/Pods-OhFarmV2.0-checkManifestLockResult.txt",
			);
			runOnlyForDeploymentPostprocessing = 0;
			shellPath = /bin/sh;
			shellScript = "diff \"${PODS_PODFILE_DIR_PATH}/Podfile.lock\" \"${PODS_ROOT}/Manifest.lock\" > /dev/null\nif [ $? != 0 ] ; then\n    # print error to STDERR\n    echo \"error: The sandbox is not in sync with the Podfile.lock. Run 'pod install' or update your CocoaPods installation.\" >&2\n    exit 1\nfi\n# This output is used by Xcode 'outputs' to avoid re-running this script phase.\necho \"SUCCESS\" > \"${SCRIPT_OUTPUT_FILE_0}\"\n";
			showEnvVarsInLog = 0;
		};
		D4A030F17DC7A7302969CE5C /* [CP] Embed Pods Frameworks */ = {
			isa = PBXShellScriptBuildPhase;
			buildActionMask = 2147483647;
			files = (
			);
			inputFileListPaths = (
			);
			inputPaths = (
				"${PODS_ROOT}/Target Support Files/Pods-OhFarmV2.0/Pods-OhFarmV2.0-frameworks.sh",
				"${BUILT_PRODUCTS_DIR}/XLPagerTabStrip/XLPagerTabStrip.framework",
			);
			name = "[CP] Embed Pods Frameworks";
			outputFileListPaths = (
			);
			outputPaths = (
				"${TARGET_BUILD_DIR}/${FRAMEWORKS_FOLDER_PATH}/XLPagerTabStrip.framework",
			);
			runOnlyForDeploymentPostprocessing = 0;
			shellPath = /bin/sh;
			shellScript = "\"${PODS_ROOT}/Target Support Files/Pods-OhFarmV2.0/Pods-OhFarmV2.0-frameworks.sh\"\n";
			showEnvVarsInLog = 0;
		};
/* End PBXShellScriptBuildPhase section */

/* Begin PBXSourcesBuildPhase section */
		00DA861C226453F100049557 /* Sources */ = {
			isa = PBXSourcesBuildPhase;
			buildActionMask = 2147483647;
			files = (
				00A77B0C22709E690033ED8A /* TabBarViewController.swift in Sources */,
				00395DB62274326A00EC9293 /* FavouriteTableViewController.swift in Sources */,
				00C71386226DE7E500E1EA36 /* HomeTableViewController.swift in Sources */,
				00C7136D226B4CC600E1EA36 /* FilterLocationTableViewCell.swift in Sources */,
				00C71366226AFF5F00E1EA36 /* FilterTableViewController.swift in Sources */,
				00395DF42278163100EC9293 /* CACellTableViewCell.swift in Sources */,
				00C71383226DE6E100E1EA36 /* HomeFarmTableViewCell.swift in Sources */,
				00395DBD22756A5000EC9293 /* MonthTableViewCell.swift in Sources */,
				00C71374226BF56500E1EA36 /* RangeSeekSlider.swift in Sources */,
				00A77B1A227141550033ED8A /* AvoidCompanionSlide.swift in Sources */,
				008874902279BBD700475095 /* IntroductionView.swift in Sources */,
				00C7137C226CBD2100E1EA36 /* NetworkHandler.swift in Sources */,
				00C71388226DE83000E1EA36 /* HomeUI.swift in Sources */,
				00C71371226B4CF400E1EA36 /* FilterSpacingTableViewCell.swift in Sources */,
				00FCC0842271F49D00CD3D20 /* ProfileTableViewController.swift in Sources */,
				00A77B00227032440033ED8A /* PlantInfoSlideViewController.swift in Sources */,
				00C8CCD1227D8B7E00917787 /* FilterMonthTableViewCell.swift in Sources */,
				00A77AFC22702B5F0033ED8A /* DefaultPlantInfoTableViewCell.swift in Sources */,
				0060658422829F6E00742147 /* CheckListViewController.swift in Sources */,
				00DA8628226453F100049557 /* MapViewController.swift in Sources */,
				00C71364226AFC2C00E1EA36 /* Filter.swift in Sources */,
				00A77B1E227154400033ED8A /* PlantAvoidTableViewCell.swift in Sources */,
				00FCC0892271FAAA00CD3D20 /* ProfileOptionTableViewCell.swift in Sources */,
				00395DB92275543C00EC9293 /* LoginViewController.swift in Sources */,
				00C71368226AFF8900E1EA36 /* PlantSearchTableViewController.swift in Sources */,
				00FCC0872271F52700CD3D20 /* ProfileTopTableViewCell.swift in Sources */,
				006065912282BDCA00742147 /* CheckListTableViewCell.swift in Sources */,
				00395DB42274322F00EC9293 /* FavouriteTableViewCell.swift in Sources */,
				00A77B132270A4CE0033ED8A /* PhotoSlide.swift in Sources */,
				006065982282C88000742147 /* CheckListHolderViewController.swift in Sources */,
				00C7136F226B4CE900E1EA36 /* FilterHarvestTableViewCell.swift in Sources */,
				00A77B08227045E80033ED8A /* CulinaryHintsViewController.swift in Sources */,
				00A79F29227309A0008D4424 /* SettingTableViewController.swift in Sources */,
				00C7135F226ADE3400E1EA36 /* Plant.swift in Sources */,
				00A77B02227032CD0033ED8A /* PlantInfoOneTableViewController.swift in Sources */,
				00A77AF922700D940033ED8A /* PlantDetailViewController.swift in Sources */,
				00395DC82275896300EC9293 /* NoResultTableViewCell.swift in Sources */,
				00395DF92278203A00EC9293 /* CACollectionViewCell.swift in Sources */,
				00C71380226DDCF200E1EA36 /* User.swift in Sources */,
				00C7137E226D88B800E1EA36 /* SearchPlantTableViewCell.swift in Sources */,
				00C71376226BF59D00E1EA36 /* RangeSeekSliderDelegate.swift in Sources */,
				00A79F2B2273164D008D4424 /* SettingTableViewCell.swift in Sources */,
				00DA8624226453F100049557 /* AppDelegate.swift in Sources */,
				002E048322671F92000871F5 /* LocationManager.swift in Sources */,
				008874942279BEA500475095 /* IntroductionViewController.swift in Sources */,
				00A77B23227181860033ED8A /* LocalData.swift in Sources */,
				006065882282A84F00742147 /* IndoorTableViewController.swift in Sources */,
				00C7136B226B4CB700E1EA36 /* FilterCategoryTableViewCell.swift in Sources */,
				00C7135C226ADD6700E1EA36 /* SearchPlantUI.swift in Sources */,
				002E048022671EA8000871F5 /* SuggestionsTableTableViewController.swift in Sources */,
				00DA864B22646CE800049557 /* Community.swift in Sources */,
				00A77B06227045B80033ED8A /* PlantingInfoTableViewController.swift in Sources */,
				002E048522671FEA000871F5 /* MKPlacemark+Extension.swift in Sources */,
				00C71378226BF5D700E1EA36 /* TapticEngine.swift in Sources */,
				0088748C2279B46600475095 /* HintsTableViewController.swift in Sources */,
				002E047E22671E68000871F5 /* SearchResultTableViewController.swift in Sources */,
			);
			runOnlyForDeploymentPostprocessing = 0;
		};
		00DA8632226453F200049557 /* Sources */ = {
			isa = PBXSourcesBuildPhase;
			buildActionMask = 2147483647;
			files = (
				00DA863B226453F200049557 /* OhFarmV2_0Tests.swift in Sources */,
			);
			runOnlyForDeploymentPostprocessing = 0;
		};
/* End PBXSourcesBuildPhase section */

/* Begin PBXTargetDependency section */
		00DA8638226453F200049557 /* PBXTargetDependency */ = {
			isa = PBXTargetDependency;
			target = 00DA861F226453F100049557 /* OhFarmV2.0 */;
			targetProxy = 00DA8637226453F200049557 /* PBXContainerItemProxy */;
		};
/* End PBXTargetDependency section */

/* Begin PBXVariantGroup section */
		00DA8629226453F100049557 /* Main.storyboard */ = {
			isa = PBXVariantGroup;
			children = (
				00DA862A226453F100049557 /* Base */,
			);
			name = Main.storyboard;
			sourceTree = "<group>";
		};
		00DA862E226453F200049557 /* LaunchScreen.storyboard */ = {
			isa = PBXVariantGroup;
			children = (
				00DA862F226453F200049557 /* Base */,
			);
			name = LaunchScreen.storyboard;
			sourceTree = "<group>";
		};
/* End PBXVariantGroup section */

/* Begin XCBuildConfiguration section */
		00DA863D226453F200049557 /* Debug */ = {
			isa = XCBuildConfiguration;
			buildSettings = {
				ALWAYS_SEARCH_USER_PATHS = NO;
				CLANG_ANALYZER_NONNULL = YES;
				CLANG_ANALYZER_NUMBER_OBJECT_CONVERSION = YES_AGGRESSIVE;
				CLANG_CXX_LANGUAGE_STANDARD = "gnu++14";
				CLANG_CXX_LIBRARY = "libc++";
				CLANG_ENABLE_MODULES = YES;
				CLANG_ENABLE_OBJC_ARC = YES;
				CLANG_ENABLE_OBJC_WEAK = YES;
				CLANG_WARN_BLOCK_CAPTURE_AUTORELEASING = YES;
				CLANG_WARN_BOOL_CONVERSION = YES;
				CLANG_WARN_COMMA = YES;
				CLANG_WARN_CONSTANT_CONVERSION = YES;
				CLANG_WARN_DEPRECATED_OBJC_IMPLEMENTATIONS = YES;
				CLANG_WARN_DIRECT_OBJC_ISA_USAGE = YES_ERROR;
				CLANG_WARN_DOCUMENTATION_COMMENTS = YES;
				CLANG_WARN_EMPTY_BODY = YES;
				CLANG_WARN_ENUM_CONVERSION = YES;
				CLANG_WARN_INFINITE_RECURSION = YES;
				CLANG_WARN_INT_CONVERSION = YES;
				CLANG_WARN_NON_LITERAL_NULL_CONVERSION = YES;
				CLANG_WARN_OBJC_IMPLICIT_RETAIN_SELF = YES;
				CLANG_WARN_OBJC_LITERAL_CONVERSION = YES;
				CLANG_WARN_OBJC_ROOT_CLASS = YES_ERROR;
				CLANG_WARN_RANGE_LOOP_ANALYSIS = YES;
				CLANG_WARN_STRICT_PROTOTYPES = YES;
				CLANG_WARN_SUSPICIOUS_MOVE = YES;
				CLANG_WARN_UNGUARDED_AVAILABILITY = YES_AGGRESSIVE;
				CLANG_WARN_UNREACHABLE_CODE = YES;
				CLANG_WARN__DUPLICATE_METHOD_MATCH = YES;
				CODE_SIGN_IDENTITY = "iPhone Developer";
				COPY_PHASE_STRIP = NO;
				DEBUG_INFORMATION_FORMAT = dwarf;
				ENABLE_STRICT_OBJC_MSGSEND = YES;
				ENABLE_TESTABILITY = YES;
				GCC_C_LANGUAGE_STANDARD = gnu11;
				GCC_DYNAMIC_NO_PIC = NO;
				GCC_NO_COMMON_BLOCKS = YES;
				GCC_OPTIMIZATION_LEVEL = 0;
				GCC_PREPROCESSOR_DEFINITIONS = (
					"DEBUG=1",
					"$(inherited)",
				);
				GCC_WARN_64_TO_32_BIT_CONVERSION = YES;
				GCC_WARN_ABOUT_RETURN_TYPE = YES_ERROR;
				GCC_WARN_UNDECLARED_SELECTOR = YES;
				GCC_WARN_UNINITIALIZED_AUTOS = YES_AGGRESSIVE;
				GCC_WARN_UNUSED_FUNCTION = YES;
				GCC_WARN_UNUSED_VARIABLE = YES;
				IPHONEOS_DEPLOYMENT_TARGET = 11.0;
				MTL_ENABLE_DEBUG_INFO = INCLUDE_SOURCE;
				MTL_FAST_MATH = YES;
				ONLY_ACTIVE_ARCH = YES;
				SDKROOT = iphoneos;
				SWIFT_ACTIVE_COMPILATION_CONDITIONS = DEBUG;
				SWIFT_OPTIMIZATION_LEVEL = "-Onone";
			};
			name = Debug;
		};
		00DA863E226453F200049557 /* Release */ = {
			isa = XCBuildConfiguration;
			buildSettings = {
				ALWAYS_SEARCH_USER_PATHS = NO;
				CLANG_ANALYZER_NONNULL = YES;
				CLANG_ANALYZER_NUMBER_OBJECT_CONVERSION = YES_AGGRESSIVE;
				CLANG_CXX_LANGUAGE_STANDARD = "gnu++14";
				CLANG_CXX_LIBRARY = "libc++";
				CLANG_ENABLE_MODULES = YES;
				CLANG_ENABLE_OBJC_ARC = YES;
				CLANG_ENABLE_OBJC_WEAK = YES;
				CLANG_WARN_BLOCK_CAPTURE_AUTORELEASING = YES;
				CLANG_WARN_BOOL_CONVERSION = YES;
				CLANG_WARN_COMMA = YES;
				CLANG_WARN_CONSTANT_CONVERSION = YES;
				CLANG_WARN_DEPRECATED_OBJC_IMPLEMENTATIONS = YES;
				CLANG_WARN_DIRECT_OBJC_ISA_USAGE = YES_ERROR;
				CLANG_WARN_DOCUMENTATION_COMMENTS = YES;
				CLANG_WARN_EMPTY_BODY = YES;
				CLANG_WARN_ENUM_CONVERSION = YES;
				CLANG_WARN_INFINITE_RECURSION = YES;
				CLANG_WARN_INT_CONVERSION = YES;
				CLANG_WARN_NON_LITERAL_NULL_CONVERSION = YES;
				CLANG_WARN_OBJC_IMPLICIT_RETAIN_SELF = YES;
				CLANG_WARN_OBJC_LITERAL_CONVERSION = YES;
				CLANG_WARN_OBJC_ROOT_CLASS = YES_ERROR;
				CLANG_WARN_RANGE_LOOP_ANALYSIS = YES;
				CLANG_WARN_STRICT_PROTOTYPES = YES;
				CLANG_WARN_SUSPICIOUS_MOVE = YES;
				CLANG_WARN_UNGUARDED_AVAILABILITY = YES_AGGRESSIVE;
				CLANG_WARN_UNREACHABLE_CODE = YES;
				CLANG_WARN__DUPLICATE_METHOD_MATCH = YES;
				CODE_SIGN_IDENTITY = "iPhone Developer";
				COPY_PHASE_STRIP = NO;
				DEBUG_INFORMATION_FORMAT = "dwarf-with-dsym";
				ENABLE_NS_ASSERTIONS = NO;
				ENABLE_STRICT_OBJC_MSGSEND = YES;
				GCC_C_LANGUAGE_STANDARD = gnu11;
				GCC_NO_COMMON_BLOCKS = YES;
				GCC_WARN_64_TO_32_BIT_CONVERSION = YES;
				GCC_WARN_ABOUT_RETURN_TYPE = YES_ERROR;
				GCC_WARN_UNDECLARED_SELECTOR = YES;
				GCC_WARN_UNINITIALIZED_AUTOS = YES_AGGRESSIVE;
				GCC_WARN_UNUSED_FUNCTION = YES;
				GCC_WARN_UNUSED_VARIABLE = YES;
				IPHONEOS_DEPLOYMENT_TARGET = 11.0;
				MTL_ENABLE_DEBUG_INFO = NO;
				MTL_FAST_MATH = YES;
				SDKROOT = iphoneos;
				SWIFT_COMPILATION_MODE = wholemodule;
				SWIFT_OPTIMIZATION_LEVEL = "-O";
				VALIDATE_PRODUCT = YES;
			};
			name = Release;
		};
		00DA8640226453F200049557 /* Debug */ = {
			isa = XCBuildConfiguration;
			baseConfigurationReference = 3153423E27BE654205A6FA82 /* Pods-OhFarmV2.0.debug.xcconfig */;
			buildSettings = {
				ASSETCATALOG_COMPILER_APPICON_NAME = AppIcon;
				CODE_SIGN_STYLE = Automatic;
				DEVELOPMENT_TEAM = U49P79HW8B;
				INFOPLIST_FILE = OhFarmV2.0/Info.plist;
				LD_RUNPATH_SEARCH_PATHS = (
					"$(inherited)",
					"@executable_path/Frameworks",
				);
				PRODUCT_BUNDLE_IDENTIFIER = "com.andyjiang.OhFarmV2-0";
				PRODUCT_NAME = "$(TARGET_NAME)";
				SWIFT_VERSION = 5.0;
				TARGETED_DEVICE_FAMILY = "1,2";
			};
			name = Debug;
		};
		00DA8641226453F200049557 /* Release */ = {
			isa = XCBuildConfiguration;
			baseConfigurationReference = 179FF70CAADDD892CEA7CCFA /* Pods-OhFarmV2.0.release.xcconfig */;
			buildSettings = {
				ASSETCATALOG_COMPILER_APPICON_NAME = AppIcon;
				CODE_SIGN_STYLE = Automatic;
				DEVELOPMENT_TEAM = U49P79HW8B;
				INFOPLIST_FILE = OhFarmV2.0/Info.plist;
				LD_RUNPATH_SEARCH_PATHS = (
					"$(inherited)",
					"@executable_path/Frameworks",
				);
				PRODUCT_BUNDLE_IDENTIFIER = "com.andyjiang.OhFarmV2-0";
				PRODUCT_NAME = "$(TARGET_NAME)";
				SWIFT_VERSION = 5.0;
				TARGETED_DEVICE_FAMILY = "1,2";
			};
			name = Release;
		};
		00DA8643226453F200049557 /* Debug */ = {
			isa = XCBuildConfiguration;
			baseConfigurationReference = 157E634BE2ED7B110C67DB55 /* Pods-OhFarmV2.0Tests.debug.xcconfig */;
			buildSettings = {
				ALWAYS_EMBED_SWIFT_STANDARD_LIBRARIES = YES;
				BUNDLE_LOADER = "$(TEST_HOST)";
				CODE_SIGN_STYLE = Automatic;
				DEVELOPMENT_TEAM = U49P79HW8B;
				INFOPLIST_FILE = OhFarmV2.0Tests/Info.plist;
				LD_RUNPATH_SEARCH_PATHS = (
					"$(inherited)",
					"@executable_path/Frameworks",
					"@loader_path/Frameworks",
				);
				PRODUCT_BUNDLE_IDENTIFIER = "com.andyjiang.OhFarmV2-0Tests";
				PRODUCT_NAME = "$(TARGET_NAME)";
				SWIFT_VERSION = 5.0;
				TARGETED_DEVICE_FAMILY = "1,2";
				TEST_HOST = "$(BUILT_PRODUCTS_DIR)/OhFarmV2.0.app/OhFarmV2.0";
			};
			name = Debug;
		};
		00DA8644226453F200049557 /* Release */ = {
			isa = XCBuildConfiguration;
			baseConfigurationReference = D61EEAED72C526F725A99EDF /* Pods-OhFarmV2.0Tests.release.xcconfig */;
			buildSettings = {
				ALWAYS_EMBED_SWIFT_STANDARD_LIBRARIES = YES;
				BUNDLE_LOADER = "$(TEST_HOST)";
				CODE_SIGN_STYLE = Automatic;
				DEVELOPMENT_TEAM = U49P79HW8B;
				INFOPLIST_FILE = OhFarmV2.0Tests/Info.plist;
				LD_RUNPATH_SEARCH_PATHS = (
					"$(inherited)",
					"@executable_path/Frameworks",
					"@loader_path/Frameworks",
				);
				PRODUCT_BUNDLE_IDENTIFIER = "com.andyjiang.OhFarmV2-0Tests";
				PRODUCT_NAME = "$(TARGET_NAME)";
				SWIFT_VERSION = 5.0;
				TARGETED_DEVICE_FAMILY = "1,2";
				TEST_HOST = "$(BUILT_PRODUCTS_DIR)/OhFarmV2.0.app/OhFarmV2.0";
			};
			name = Release;
		};
/* End XCBuildConfiguration section */

/* Begin XCConfigurationList section */
		00DA861B226453F100049557 /* Build configuration list for PBXProject "OhFarmV2.0" */ = {
			isa = XCConfigurationList;
			buildConfigurations = (
				00DA863D226453F200049557 /* Debug */,
				00DA863E226453F200049557 /* Release */,
			);
			defaultConfigurationIsVisible = 0;
			defaultConfigurationName = Release;
		};
		00DA863F226453F200049557 /* Build configuration list for PBXNativeTarget "OhFarmV2.0" */ = {
			isa = XCConfigurationList;
			buildConfigurations = (
				00DA8640226453F200049557 /* Debug */,
				00DA8641226453F200049557 /* Release */,
			);
			defaultConfigurationIsVisible = 0;
			defaultConfigurationName = Release;
		};
		00DA8642226453F200049557 /* Build configuration list for PBXNativeTarget "OhFarmV2.0Tests" */ = {
			isa = XCConfigurationList;
			buildConfigurations = (
				00DA8643226453F200049557 /* Debug */,
				00DA8644226453F200049557 /* Release */,
			);
			defaultConfigurationIsVisible = 0;
			defaultConfigurationName = Release;
		};
/* End XCConfigurationList section */
	};
	rootObject = 00DA8618226453F100049557 /* Project object */;
}
