// !$*UTF8*$!
{
	archiveVersion = 1;
	classes = {
	};
	objectVersion = 50;
	objects = {

/* Begin PBXBuildFile section */
		002E047C22671B27000871F5 /* communityFarmData.json in Resources */ = {isa = PBXBuildFile; fileRef = 002E047B22671B27000871F5 /* communityFarmData.json */; };
		002E047E22671E68000871F5 /* SearchResultTableViewController.swift in Sources */ = {isa = PBXBuildFile; fileRef = 002E047D22671E68000871F5 /* SearchResultTableViewController.swift */; };
		002E048022671EA8000871F5 /* SuggestionsTableTableViewController.swift in Sources */ = {isa = PBXBuildFile; fileRef = 002E047F22671EA8000871F5 /* SuggestionsTableTableViewController.swift */; };
		002E048322671F92000871F5 /* LocationManager.swift in Sources */ = {isa = PBXBuildFile; fileRef = 002E048222671F92000871F5 /* LocationManager.swift */; };
		002E048522671FEA000871F5 /* MKPlacemark+Extension.swift in Sources */ = {isa = PBXBuildFile; fileRef = 002E048422671FEA000871F5 /* MKPlacemark+Extension.swift */; };
		00C7135C226ADD6700E1EA36 /* SearchPlantUI.swift in Sources */ = {isa = PBXBuildFile; fileRef = 00C7135B226ADD6700E1EA36 /* SearchPlantUI.swift */; };
		00C7135F226ADE3400E1EA36 /* Plant.swift in Sources */ = {isa = PBXBuildFile; fileRef = 00C7135E226ADE3400E1EA36 /* Plant.swift */; };
		00C71364226AFC2C00E1EA36 /* Filter.swift in Sources */ = {isa = PBXBuildFile; fileRef = 00C71363226AFC2C00E1EA36 /* Filter.swift */; };
		00C71366226AFF5F00E1EA36 /* FilterTableViewController.swift in Sources */ = {isa = PBXBuildFile; fileRef = 00C71365226AFF5F00E1EA36 /* FilterTableViewController.swift */; };
		00C71368226AFF8900E1EA36 /* PlantSearchTableViewController.swift in Sources */ = {isa = PBXBuildFile; fileRef = 00C71367226AFF8900E1EA36 /* PlantSearchTableViewController.swift */; };
		00C7136B226B4CB700E1EA36 /* FilterCategoryTableViewCell.swift in Sources */ = {isa = PBXBuildFile; fileRef = 00C7136A226B4CB600E1EA36 /* FilterCategoryTableViewCell.swift */; };
		00C7136D226B4CC600E1EA36 /* FilterLocationTableViewCell.swift in Sources */ = {isa = PBXBuildFile; fileRef = 00C7136C226B4CC600E1EA36 /* FilterLocationTableViewCell.swift */; };
		00C7136F226B4CE900E1EA36 /* FilterHarvestTableViewCell.swift in Sources */ = {isa = PBXBuildFile; fileRef = 00C7136E226B4CE900E1EA36 /* FilterHarvestTableViewCell.swift */; };
		00C71371226B4CF400E1EA36 /* FilterSpacingTableViewCell.swift in Sources */ = {isa = PBXBuildFile; fileRef = 00C71370226B4CF400E1EA36 /* FilterSpacingTableViewCell.swift */; };
		00C71374226BF56500E1EA36 /* RangeSeekSlider.swift in Sources */ = {isa = PBXBuildFile; fileRef = 00C71373226BF56500E1EA36 /* RangeSeekSlider.swift */; };
		00C71376226BF59D00E1EA36 /* RangeSeekSliderDelegate.swift in Sources */ = {isa = PBXBuildFile; fileRef = 00C71375226BF59D00E1EA36 /* RangeSeekSliderDelegate.swift */; };
		00C71378226BF5D700E1EA36 /* TapticEngine.swift in Sources */ = {isa = PBXBuildFile; fileRef = 00C71377226BF5D700E1EA36 /* TapticEngine.swift */; };
		00C7137A226CB7F500E1EA36 /* plantData.json in Resources */ = {isa = PBXBuildFile; fileRef = 00C71379226CB7F500E1EA36 /* plantData.json */; };
		00C7137C226CBD2100E1EA36 /* NetworkHandler.swift in Sources */ = {isa = PBXBuildFile; fileRef = 00C7137B226CBD2100E1EA36 /* NetworkHandler.swift */; };
		00C7137E226D88B800E1EA36 /* SearchPlantTableViewCell.swift in Sources */ = {isa = PBXBuildFile; fileRef = 00C7137D226D88B800E1EA36 /* SearchPlantTableViewCell.swift */; };
		00C71380226DDCF200E1EA36 /* User.swift in Sources */ = {isa = PBXBuildFile; fileRef = 00C7137F226DDCF200E1EA36 /* User.swift */; };
		00C71383226DE6E100E1EA36 /* HomeFarmTableViewCell.swift in Sources */ = {isa = PBXBuildFile; fileRef = 00C71382226DE6E100E1EA36 /* HomeFarmTableViewCell.swift */; };
		00C71386226DE7E500E1EA36 /* HomeTableViewController.swift in Sources */ = {isa = PBXBuildFile; fileRef = 00C71385226DE7E500E1EA36 /* HomeTableViewController.swift */; };
		00C71388226DE83000E1EA36 /* HomeUI.swift in Sources */ = {isa = PBXBuildFile; fileRef = 00C71387226DE83000E1EA36 /* HomeUI.swift */; };
		00DA8624226453F100049557 /* AppDelegate.swift in Sources */ = {isa = PBXBuildFile; fileRef = 00DA8623226453F100049557 /* AppDelegate.swift */; };
		00DA8628226453F100049557 /* MapViewController.swift in Sources */ = {isa = PBXBuildFile; fileRef = 00DA8627226453F100049557 /* MapViewController.swift */; };
		00DA862B226453F100049557 /* Main.storyboard in Resources */ = {isa = PBXBuildFile; fileRef = 00DA8629226453F100049557 /* Main.storyboard */; };
		00DA862D226453F200049557 /* Assets.xcassets in Resources */ = {isa = PBXBuildFile; fileRef = 00DA862C226453F200049557 /* Assets.xcassets */; };
		00DA8630226453F200049557 /* LaunchScreen.storyboard in Resources */ = {isa = PBXBuildFile; fileRef = 00DA862E226453F200049557 /* LaunchScreen.storyboard */; };
		00DA863B226453F200049557 /* OhFarmV2_0Tests.swift in Sources */ = {isa = PBXBuildFile; fileRef = 00DA863A226453F200049557 /* OhFarmV2_0Tests.swift */; };
		00DA864B22646CE800049557 /* Community.swift in Sources */ = {isa = PBXBuildFile; fileRef = 00DA864A22646CE800049557 /* Community.swift */; };
/* End PBXBuildFile section */

/* Begin PBXContainerItemProxy section */
		00DA8637226453F200049557 /* PBXContainerItemProxy */ = {
			isa = PBXContainerItemProxy;
			containerPortal = 00DA8618226453F100049557 /* Project object */;
			proxyType = 1;
			remoteGlobalIDString = 00DA861F226453F100049557;
			remoteInfo = OhFarmV2.0;
		};
/* End PBXContainerItemProxy section */

/* Begin PBXFileReference section */
		002E047B22671B27000871F5 /* communityFarmData.json */ = {isa = PBXFileReference; fileEncoding = 4; lastKnownFileType = text.json; name = communityFarmData.json; path = ../communityFarmData.json; sourceTree = "<group>"; };
		002E047D22671E68000871F5 /* SearchResultTableViewController.swift */ = {isa = PBXFileReference; lastKnownFileType = sourcecode.swift; path = SearchResultTableViewController.swift; sourceTree = "<group>"; };
		002E047F22671EA8000871F5 /* SuggestionsTableTableViewController.swift */ = {isa = PBXFileReference; lastKnownFileType = sourcecode.swift; path = SuggestionsTableTableViewController.swift; sourceTree = "<group>"; };
		002E048222671F92000871F5 /* LocationManager.swift */ = {isa = PBXFileReference; lastKnownFileType = sourcecode.swift; path = LocationManager.swift; sourceTree = "<group>"; };
		002E048422671FEA000871F5 /* MKPlacemark+Extension.swift */ = {isa = PBXFileReference; lastKnownFileType = sourcecode.swift; path = "MKPlacemark+Extension.swift"; sourceTree = "<group>"; };
		00C7135B226ADD6700E1EA36 /* SearchPlantUI.swift */ = {isa = PBXFileReference; lastKnownFileType = sourcecode.swift; path = SearchPlantUI.swift; sourceTree = "<group>"; };
		00C7135E226ADE3400E1EA36 /* Plant.swift */ = {isa = PBXFileReference; lastKnownFileType = sourcecode.swift; path = Plant.swift; sourceTree = "<group>"; };
		00C71363226AFC2C00E1EA36 /* Filter.swift */ = {isa = PBXFileReference; lastKnownFileType = sourcecode.swift; path = Filter.swift; sourceTree = "<group>"; };
		00C71365226AFF5F00E1EA36 /* FilterTableViewController.swift */ = {isa = PBXFileReference; lastKnownFileType = sourcecode.swift; path = FilterTableViewController.swift; sourceTree = "<group>"; };
		00C71367226AFF8900E1EA36 /* PlantSearchTableViewController.swift */ = {isa = PBXFileReference; lastKnownFileType = sourcecode.swift; path = PlantSearchTableViewController.swift; sourceTree = "<group>"; };
		00C7136A226B4CB600E1EA36 /* FilterCategoryTableViewCell.swift */ = {isa = PBXFileReference; lastKnownFileType = sourcecode.swift; path = FilterCategoryTableViewCell.swift; sourceTree = "<group>"; };
		00C7136C226B4CC600E1EA36 /* FilterLocationTableViewCell.swift */ = {isa = PBXFileReference; lastKnownFileType = sourcecode.swift; path = FilterLocationTableViewCell.swift; sourceTree = "<group>"; };
		00C7136E226B4CE900E1EA36 /* FilterHarvestTableViewCell.swift */ = {isa = PBXFileReference; lastKnownFileType = sourcecode.swift; path = FilterHarvestTableViewCell.swift; sourceTree = "<group>"; };
		00C71370226B4CF400E1EA36 /* FilterSpacingTableViewCell.swift */ = {isa = PBXFileReference; lastKnownFileType = sourcecode.swift; path = FilterSpacingTableViewCell.swift; sourceTree = "<group>"; };
		00C71373226BF56500E1EA36 /* RangeSeekSlider.swift */ = {isa = PBXFileReference; lastKnownFileType = sourcecode.swift; path = RangeSeekSlider.swift; sourceTree = "<group>"; };
		00C71375226BF59D00E1EA36 /* RangeSeekSliderDelegate.swift */ = {isa = PBXFileReference; lastKnownFileType = sourcecode.swift; path = RangeSeekSliderDelegate.swift; sourceTree = "<group>"; };
		00C71377226BF5D700E1EA36 /* TapticEngine.swift */ = {isa = PBXFileReference; lastKnownFileType = sourcecode.swift; path = TapticEngine.swift; sourceTree = "<group>"; };
		00C71379226CB7F500E1EA36 /* plantData.json */ = {isa = PBXFileReference; fileEncoding = 4; lastKnownFileType = text.json; path = plantData.json; sourceTree = SOURCE_ROOT; };
		00C7137B226CBD2100E1EA36 /* NetworkHandler.swift */ = {isa = PBXFileReference; lastKnownFileType = sourcecode.swift; path = NetworkHandler.swift; sourceTree = "<group>"; };
		00C7137D226D88B800E1EA36 /* SearchPlantTableViewCell.swift */ = {isa = PBXFileReference; lastKnownFileType = sourcecode.swift; path = SearchPlantTableViewCell.swift; sourceTree = "<group>"; };
		00C7137F226DDCF200E1EA36 /* User.swift */ = {isa = PBXFileReference; lastKnownFileType = sourcecode.swift; path = User.swift; sourceTree = "<group>"; };
		00C71382226DE6E100E1EA36 /* HomeFarmTableViewCell.swift */ = {isa = PBXFileReference; lastKnownFileType = sourcecode.swift; path = HomeFarmTableViewCell.swift; sourceTree = "<group>"; };
		00C71385226DE7E500E1EA36 /* HomeTableViewController.swift */ = {isa = PBXFileReference; lastKnownFileType = sourcecode.swift; path = HomeTableViewController.swift; sourceTree = "<group>"; };
		00C71387226DE83000E1EA36 /* HomeUI.swift */ = {isa = PBXFileReference; lastKnownFileType = sourcecode.swift; path = HomeUI.swift; sourceTree = "<group>"; };
		00DA8620226453F100049557 /* OhFarmV2.0.app */ = {isa = PBXFileReference; explicitFileType = wrapper.application; includeInIndex = 0; path = OhFarmV2.0.app; sourceTree = BUILT_PRODUCTS_DIR; };
		00DA8623226453F100049557 /* AppDelegate.swift */ = {isa = PBXFileReference; lastKnownFileType = sourcecode.swift; path = AppDelegate.swift; sourceTree = "<group>"; };
		00DA8627226453F100049557 /* MapViewController.swift */ = {isa = PBXFileReference; lastKnownFileType = sourcecode.swift; path = MapViewController.swift; sourceTree = "<group>"; };
		00DA862A226453F100049557 /* Base */ = {isa = PBXFileReference; lastKnownFileType = file.storyboard; name = Base; path = Base.lproj/Main.storyboard; sourceTree = "<group>"; };
		00DA862C226453F200049557 /* Assets.xcassets */ = {isa = PBXFileReference; lastKnownFileType = folder.assetcatalog; path = Assets.xcassets; sourceTree = "<group>"; };
		00DA862F226453F200049557 /* Base */ = {isa = PBXFileReference; lastKnownFileType = file.storyboard; name = Base; path = Base.lproj/LaunchScreen.storyboard; sourceTree = "<group>"; };
		00DA8631226453F200049557 /* Info.plist */ = {isa = PBXFileReference; lastKnownFileType = text.plist.xml; path = Info.plist; sourceTree = "<group>"; };
		00DA8636226453F200049557 /* OhFarmV2.0Tests.xctest */ = {isa = PBXFileReference; explicitFileType = wrapper.cfbundle; includeInIndex = 0; path = OhFarmV2.0Tests.xctest; sourceTree = BUILT_PRODUCTS_DIR; };
		00DA863A226453F200049557 /* OhFarmV2_0Tests.swift */ = {isa = PBXFileReference; lastKnownFileType = sourcecode.swift; path = OhFarmV2_0Tests.swift; sourceTree = "<group>"; };
		00DA863C226453F200049557 /* Info.plist */ = {isa = PBXFileReference; lastKnownFileType = text.plist.xml; path = Info.plist; sourceTree = "<group>"; };
		00DA864A22646CE800049557 /* Community.swift */ = {isa = PBXFileReference; lastKnownFileType = sourcecode.swift; path = Community.swift; sourceTree = "<group>"; };
/* End PBXFileReference section */

/* Begin PBXFrameworksBuildPhase section */
		00DA861D226453F100049557 /* Frameworks */ = {
			isa = PBXFrameworksBuildPhase;
			buildActionMask = 2147483647;
			files = (
			);
			runOnlyForDeploymentPostprocessing = 0;
		};
		00DA8633226453F200049557 /* Frameworks */ = {
			isa = PBXFrameworksBuildPhase;
			buildActionMask = 2147483647;
			files = (
			);
			runOnlyForDeploymentPostprocessing = 0;
		};
/* End PBXFrameworksBuildPhase section */

/* Begin PBXGroup section */
		002E048122671F71000871F5 /* Community Model */ = {
			isa = PBXGroup;
			children = (
				00DA864A22646CE800049557 /* Community.swift */,
				002E048422671FEA000871F5 /* MKPlacemark+Extension.swift */,
				002E048222671F92000871F5 /* LocationManager.swift */,
			);
			path = "Community Model";
			sourceTree = "<group>";
		};
		00C7135D226ADDB400E1EA36 /* Search controller */ = {
			isa = PBXGroup;
			children = (
				00C71365226AFF5F00E1EA36 /* FilterTableViewController.swift */,
				00C71367226AFF8900E1EA36 /* PlantSearchTableViewController.swift */,
			);
			path = "Search controller";
			sourceTree = "<group>";
		};
		00C71362226AFBF500E1EA36 /* Search Model */ = {
			isa = PBXGroup;
			children = (
				00C71369226B4C8600E1EA36 /* Search cell */,
				00C71363226AFC2C00E1EA36 /* Filter.swift */,
			);
			path = "Search Model";
			sourceTree = "<group>";
		};
		00C71369226B4C8600E1EA36 /* Search cell */ = {
			isa = PBXGroup;
			children = (
				00C7137D226D88B800E1EA36 /* SearchPlantTableViewCell.swift */,
				00C7136A226B4CB600E1EA36 /* FilterCategoryTableViewCell.swift */,
				00C7136C226B4CC600E1EA36 /* FilterLocationTableViewCell.swift */,
				00C71370226B4CF400E1EA36 /* FilterSpacingTableViewCell.swift */,
				00C7136E226B4CE900E1EA36 /* FilterHarvestTableViewCell.swift */,
			);
			path = "Search cell";
			sourceTree = "<group>";
		};
		00C71372226BF54C00E1EA36 /* Range Seek Slider */ = {
			isa = PBXGroup;
			children = (
				00C71373226BF56500E1EA36 /* RangeSeekSlider.swift */,
				00C71375226BF59D00E1EA36 /* RangeSeekSliderDelegate.swift */,
				00C71377226BF5D700E1EA36 /* TapticEngine.swift */,
			);
			path = "Range Seek Slider";
			sourceTree = "<group>";
		};
		00C71381226DE6C800E1EA36 /* Home Model */ = {
			isa = PBXGroup;
			children = (
				00C71382226DE6E100E1EA36 /* HomeFarmTableViewCell.swift */,
			);
			path = "Home Model";
			sourceTree = "<group>";
		};
		00C71384226DE75600E1EA36 /* Home controller */ = {
			isa = PBXGroup;
			children = (
				00C71385226DE7E500E1EA36 /* HomeTableViewController.swift */,
			);
			path = "Home controller";
			sourceTree = "<group>";
		};
		00C71389226DE83B00E1EA36 /* UI */ = {
			isa = PBXGroup;
			children = (
				00C7135B226ADD6700E1EA36 /* SearchPlantUI.swift */,
				00C71387226DE83000E1EA36 /* HomeUI.swift */,
			);
			path = UI;
			sourceTree = "<group>";
		};
		00DA8617226453F100049557 = {
			isa = PBXGroup;
			children = (
				00DA8622226453F100049557 /* OhFarmV2.0 */,
				00DA8639226453F200049557 /* OhFarmV2.0Tests */,
				00DA8621226453F100049557 /* Products */,
			);
			sourceTree = "<group>";
		};
		00DA8621226453F100049557 /* Products */ = {
			isa = PBXGroup;
			children = (
				00DA8620226453F100049557 /* OhFarmV2.0.app */,
				00DA8636226453F200049557 /* OhFarmV2.0Tests.xctest */,
			);
			name = Products;
			sourceTree = "<group>";
		};
		00DA8622226453F100049557 /* OhFarmV2.0 */ = {
			isa = PBXGroup;
			children = (
				00DA8623226453F100049557 /* AppDelegate.swift */,
				00C71389226DE83B00E1EA36 /* UI */,
				00DA864822646C9800049557 /* Model */,
				00DA86462264555400049557 /* Control */,
				00DA8647226455A600049557 /* View */,
				00DA8631226453F200049557 /* Info.plist */,
				00C71379226CB7F500E1EA36 /* plantData.json */,
				002E047B22671B27000871F5 /* communityFarmData.json */,
			);
			path = OhFarmV2.0;
			sourceTree = "<group>";
		};
		00DA8639226453F200049557 /* OhFarmV2.0Tests */ = {
			isa = PBXGroup;
			children = (
				00DA863A226453F200049557 /* OhFarmV2_0Tests.swift */,
				00DA863C226453F200049557 /* Info.plist */,
			);
			path = OhFarmV2.0Tests;
			sourceTree = "<group>";
		};
		00DA86462264555400049557 /* Control */ = {
			isa = PBXGroup;
			children = (
				00C71384226DE75600E1EA36 /* Home controller */,
				00C7135D226ADDB400E1EA36 /* Search controller */,
				00DA864922646C9F00049557 /* Community controller */,
			);
			path = Control;
			sourceTree = "<group>";
		};
		00DA8647226455A600049557 /* View */ = {
			isa = PBXGroup;
			children = (
				00DA862C226453F200049557 /* Assets.xcassets */,
				00DA8629226453F100049557 /* Main.storyboard */,
				00DA862E226453F200049557 /* LaunchScreen.storyboard */,
			);
			path = View;
			sourceTree = "<group>";
		};
		00DA864822646C9800049557 /* Model */ = {
			isa = PBXGroup;
			children = (
				00C7135E226ADE3400E1EA36 /* Plant.swift */,
				00C7137F226DDCF200E1EA36 /* User.swift */,
				00C7137B226CBD2100E1EA36 /* NetworkHandler.swift */,
				00C71381226DE6C800E1EA36 /* Home Model */,
				00C71372226BF54C00E1EA36 /* Range Seek Slider */,
				00C71362226AFBF500E1EA36 /* Search Model */,
				002E048122671F71000871F5 /* Community Model */,
			);
			path = Model;
			sourceTree = "<group>";
		};
		00DA864922646C9F00049557 /* Community controller */ = {
			isa = PBXGroup;
			children = (
				00DA8627226453F100049557 /* MapViewController.swift */,
				002E047D22671E68000871F5 /* SearchResultTableViewController.swift */,
				002E047F22671EA8000871F5 /* SuggestionsTableTableViewController.swift */,
			);
			path = "Community controller";
			sourceTree = "<group>";
		};
/* End PBXGroup section */

/* Begin PBXNativeTarget section */
		00DA861F226453F100049557 /* OhFarmV2.0 */ = {
			isa = PBXNativeTarget;
			buildConfigurationList = 00DA863F226453F200049557 /* Build configuration list for PBXNativeTarget "OhFarmV2.0" */;
			buildPhases = (
				00DA861C226453F100049557 /* Sources */,
				00DA861D226453F100049557 /* Frameworks */,
				00DA861E226453F100049557 /* Resources */,
			);
			buildRules = (
			);
			dependencies = (
			);
			name = OhFarmV2.0;
			productName = OhFarmV2.0;
			productReference = 00DA8620226453F100049557 /* OhFarmV2.0.app */;
			productType = "com.apple.product-type.application";
		};
		00DA8635226453F200049557 /* OhFarmV2.0Tests */ = {
			isa = PBXNativeTarget;
			buildConfigurationList = 00DA8642226453F200049557 /* Build configuration list for PBXNativeTarget "OhFarmV2.0Tests" */;
			buildPhases = (
				00DA8632226453F200049557 /* Sources */,
				00DA8633226453F200049557 /* Frameworks */,
				00DA8634226453F200049557 /* Resources */,
			);
			buildRules = (
			);
			dependencies = (
				00DA8638226453F200049557 /* PBXTargetDependency */,
			);
			name = OhFarmV2.0Tests;
			productName = OhFarmV2.0Tests;
			productReference = 00DA8636226453F200049557 /* OhFarmV2.0Tests.xctest */;
			productType = "com.apple.product-type.bundle.unit-test";
		};
/* End PBXNativeTarget section */

/* Begin PBXProject section */
		00DA8618226453F100049557 /* Project object */ = {
			isa = PBXProject;
			attributes = {
				LastSwiftUpdateCheck = 1020;
				LastUpgradeCheck = 1020;
				ORGANIZATIONNAME = "Peigeng Jiang";
				TargetAttributes = {
					00DA861F226453F100049557 = {
						CreatedOnToolsVersion = 10.2;
					};
					00DA8635226453F200049557 = {
						CreatedOnToolsVersion = 10.2;
						TestTargetID = 00DA861F226453F100049557;
					};
				};
			};
			buildConfigurationList = 00DA861B226453F100049557 /* Build configuration list for PBXProject "OhFarmV2.0" */;
			compatibilityVersion = "Xcode 9.3";
			developmentRegion = en;
			hasScannedForEncodings = 0;
			knownRegions = (
				en,
				Base,
			);
			mainGroup = 00DA8617226453F100049557;
			productRefGroup = 00DA8621226453F100049557 /* Products */;
			projectDirPath = "";
			projectRoot = "";
			targets = (
				00DA861F226453F100049557 /* OhFarmV2.0 */,
				00DA8635226453F200049557 /* OhFarmV2.0Tests */,
			);
		};
/* End PBXProject section */

/* Begin PBXResourcesBuildPhase section */
		00DA861E226453F100049557 /* Resources */ = {
			isa = PBXResourcesBuildPhase;
			buildActionMask = 2147483647;
			files = (
				00C7137A226CB7F500E1EA36 /* plantData.json in Resources */,
				00DA8630226453F200049557 /* LaunchScreen.storyboard in Resources */,
				00DA862D226453F200049557 /* Assets.xcassets in Resources */,
				00DA862B226453F100049557 /* Main.storyboard in Resources */,
				002E047C22671B27000871F5 /* communityFarmData.json in Resources */,
			);
			runOnlyForDeploymentPostprocessing = 0;
		};
		00DA8634226453F200049557 /* Resources */ = {
			isa = PBXResourcesBuildPhase;
			buildActionMask = 2147483647;
			files = (
			);
			runOnlyForDeploymentPostprocessing = 0;
		};
/* End PBXResourcesBuildPhase section */

/* Begin PBXSourcesBuildPhase section */
		00DA861C226453F100049557 /* Sources */ = {
			isa = PBXSourcesBuildPhase;
			buildActionMask = 2147483647;
			files = (
				00C71386226DE7E500E1EA36 /* HomeTableViewController.swift in Sources */,
				00C7136D226B4CC600E1EA36 /* FilterLocationTableViewCell.swift in Sources */,
				00C71366226AFF5F00E1EA36 /* FilterTableViewController.swift in Sources */,
				00C71383226DE6E100E1EA36 /* HomeFarmTableViewCell.swift in Sources */,
				00C71374226BF56500E1EA36 /* RangeSeekSlider.swift in Sources */,
				00C7137C226CBD2100E1EA36 /* NetworkHandler.swift in Sources */,
				00C71388226DE83000E1EA36 /* HomeUI.swift in Sources */,
				00C71371226B4CF400E1EA36 /* FilterSpacingTableViewCell.swift in Sources */,
				00DA8628226453F100049557 /* MapViewController.swift in Sources */,
				00C71364226AFC2C00E1EA36 /* Filter.swift in Sources */,
				00C71368226AFF8900E1EA36 /* PlantSearchTableViewController.swift in Sources */,
				00C7136F226B4CE900E1EA36 /* FilterHarvestTableViewCell.swift in Sources */,
				00C7135F226ADE3400E1EA36 /* Plant.swift in Sources */,
				00C71380226DDCF200E1EA36 /* User.swift in Sources */,
				00C7137E226D88B800E1EA36 /* SearchPlantTableViewCell.swift in Sources */,
				00C71376226BF59D00E1EA36 /* RangeSeekSliderDelegate.swift in Sources */,
				00DA8624226453F100049557 /* AppDelegate.swift in Sources */,
				002E048322671F92000871F5 /* LocationManager.swift in Sources */,
				00C7136B226B4CB700E1EA36 /* FilterCategoryTableViewCell.swift in Sources */,
				00C7135C226ADD6700E1EA36 /* SearchPlantUI.swift in Sources */,
				002E048022671EA8000871F5 /* SuggestionsTableTableViewController.swift in Sources */,
				00DA864B22646CE800049557 /* Community.swift in Sources */,
				002E048522671FEA000871F5 /* MKPlacemark+Extension.swift in Sources */,
				00C71378226BF5D700E1EA36 /* TapticEngine.swift in Sources */,
				002E047E22671E68000871F5 /* SearchResultTableViewController.swift in Sources */,
			);
			runOnlyForDeploymentPostprocessing = 0;
		};
		00DA8632226453F200049557 /* Sources */ = {
			isa = PBXSourcesBuildPhase;
			buildActionMask = 2147483647;
			files = (
				00DA863B226453F200049557 /* OhFarmV2_0Tests.swift in Sources */,
			);
			runOnlyForDeploymentPostprocessing = 0;
		};
/* End PBXSourcesBuildPhase section */

/* Begin PBXTargetDependency section */
		00DA8638226453F200049557 /* PBXTargetDependency */ = {
			isa = PBXTargetDependency;
			target = 00DA861F226453F100049557 /* OhFarmV2.0 */;
			targetProxy = 00DA8637226453F200049557 /* PBXContainerItemProxy */;
		};
/* End PBXTargetDependency section */

/* Begin PBXVariantGroup section */
		00DA8629226453F100049557 /* Main.storyboard */ = {
			isa = PBXVariantGroup;
			children = (
				00DA862A226453F100049557 /* Base */,
			);
			name = Main.storyboard;
			sourceTree = "<group>";
		};
		00DA862E226453F200049557 /* LaunchScreen.storyboard */ = {
			isa = PBXVariantGroup;
			children = (
				00DA862F226453F200049557 /* Base */,
			);
			name = LaunchScreen.storyboard;
			sourceTree = "<group>";
		};
/* End PBXVariantGroup section */

/* Begin XCBuildConfiguration section */
		00DA863D226453F200049557 /* Debug */ = {
			isa = XCBuildConfiguration;
			buildSettings = {
				ALWAYS_SEARCH_USER_PATHS = NO;
				CLANG_ANALYZER_NONNULL = YES;
				CLANG_ANALYZER_NUMBER_OBJECT_CONVERSION = YES_AGGRESSIVE;
				CLANG_CXX_LANGUAGE_STANDARD = "gnu++14";
				CLANG_CXX_LIBRARY = "libc++";
				CLANG_ENABLE_MODULES = YES;
				CLANG_ENABLE_OBJC_ARC = YES;
				CLANG_ENABLE_OBJC_WEAK = YES;
				CLANG_WARN_BLOCK_CAPTURE_AUTORELEASING = YES;
				CLANG_WARN_BOOL_CONVERSION = YES;
				CLANG_WARN_COMMA = YES;
				CLANG_WARN_CONSTANT_CONVERSION = YES;
				CLANG_WARN_DEPRECATED_OBJC_IMPLEMENTATIONS = YES;
				CLANG_WARN_DIRECT_OBJC_ISA_USAGE = YES_ERROR;
				CLANG_WARN_DOCUMENTATION_COMMENTS = YES;
				CLANG_WARN_EMPTY_BODY = YES;
				CLANG_WARN_ENUM_CONVERSION = YES;
				CLANG_WARN_INFINITE_RECURSION = YES;
				CLANG_WARN_INT_CONVERSION = YES;
				CLANG_WARN_NON_LITERAL_NULL_CONVERSION = YES;
				CLANG_WARN_OBJC_IMPLICIT_RETAIN_SELF = YES;
				CLANG_WARN_OBJC_LITERAL_CONVERSION = YES;
				CLANG_WARN_OBJC_ROOT_CLASS = YES_ERROR;
				CLANG_WARN_RANGE_LOOP_ANALYSIS = YES;
				CLANG_WARN_STRICT_PROTOTYPES = YES;
				CLANG_WARN_SUSPICIOUS_MOVE = YES;
				CLANG_WARN_UNGUARDED_AVAILABILITY = YES_AGGRESSIVE;
				CLANG_WARN_UNREACHABLE_CODE = YES;
				CLANG_WARN__DUPLICATE_METHOD_MATCH = YES;
				CODE_SIGN_IDENTITY = "iPhone Developer";
				COPY_PHASE_STRIP = NO;
				DEBUG_INFORMATION_FORMAT = dwarf;
				ENABLE_STRICT_OBJC_MSGSEND = YES;
				ENABLE_TESTABILITY = YES;
				GCC_C_LANGUAGE_STANDARD = gnu11;
				GCC_DYNAMIC_NO_PIC = NO;
				GCC_NO_COMMON_BLOCKS = YES;
				GCC_OPTIMIZATION_LEVEL = 0;
				GCC_PREPROCESSOR_DEFINITIONS = (
					"DEBUG=1",
					"$(inherited)",
				);
				GCC_WARN_64_TO_32_BIT_CONVERSION = YES;
				GCC_WARN_ABOUT_RETURN_TYPE = YES_ERROR;
				GCC_WARN_UNDECLARED_SELECTOR = YES;
				GCC_WARN_UNINITIALIZED_AUTOS = YES_AGGRESSIVE;
				GCC_WARN_UNUSED_FUNCTION = YES;
				GCC_WARN_UNUSED_VARIABLE = YES;
				IPHONEOS_DEPLOYMENT_TARGET = 12.2;
				MTL_ENABLE_DEBUG_INFO = INCLUDE_SOURCE;
				MTL_FAST_MATH = YES;
				ONLY_ACTIVE_ARCH = YES;
				SDKROOT = iphoneos;
				SWIFT_ACTIVE_COMPILATION_CONDITIONS = DEBUG;
				SWIFT_OPTIMIZATION_LEVEL = "-Onone";
			};
			name = Debug;
		};
		00DA863E226453F200049557 /* Release */ = {
			isa = XCBuildConfiguration;
			buildSettings = {
				ALWAYS_SEARCH_USER_PATHS = NO;
				CLANG_ANALYZER_NONNULL = YES;
				CLANG_ANALYZER_NUMBER_OBJECT_CONVERSION = YES_AGGRESSIVE;
				CLANG_CXX_LANGUAGE_STANDARD = "gnu++14";
				CLANG_CXX_LIBRARY = "libc++";
				CLANG_ENABLE_MODULES = YES;
				CLANG_ENABLE_OBJC_ARC = YES;
				CLANG_ENABLE_OBJC_WEAK = YES;
				CLANG_WARN_BLOCK_CAPTURE_AUTORELEASING = YES;
				CLANG_WARN_BOOL_CONVERSION = YES;
				CLANG_WARN_COMMA = YES;
				CLANG_WARN_CONSTANT_CONVERSION = YES;
				CLANG_WARN_DEPRECATED_OBJC_IMPLEMENTATIONS = YES;
				CLANG_WARN_DIRECT_OBJC_ISA_USAGE = YES_ERROR;
				CLANG_WARN_DOCUMENTATION_COMMENTS = YES;
				CLANG_WARN_EMPTY_BODY = YES;
				CLANG_WARN_ENUM_CONVERSION = YES;
				CLANG_WARN_INFINITE_RECURSION = YES;
				CLANG_WARN_INT_CONVERSION = YES;
				CLANG_WARN_NON_LITERAL_NULL_CONVERSION = YES;
				CLANG_WARN_OBJC_IMPLICIT_RETAIN_SELF = YES;
				CLANG_WARN_OBJC_LITERAL_CONVERSION = YES;
				CLANG_WARN_OBJC_ROOT_CLASS = YES_ERROR;
				CLANG_WARN_RANGE_LOOP_ANALYSIS = YES;
				CLANG_WARN_STRICT_PROTOTYPES = YES;
				CLANG_WARN_SUSPICIOUS_MOVE = YES;
				CLANG_WARN_UNGUARDED_AVAILABILITY = YES_AGGRESSIVE;
				CLANG_WARN_UNREACHABLE_CODE = YES;
				CLANG_WARN__DUPLICATE_METHOD_MATCH = YES;
				CODE_SIGN_IDENTITY = "iPhone Developer";
				COPY_PHASE_STRIP = NO;
				DEBUG_INFORMATION_FORMAT = "dwarf-with-dsym";
				ENABLE_NS_ASSERTIONS = NO;
				ENABLE_STRICT_OBJC_MSGSEND = YES;
				GCC_C_LANGUAGE_STANDARD = gnu11;
				GCC_NO_COMMON_BLOCKS = YES;
				GCC_WARN_64_TO_32_BIT_CONVERSION = YES;
				GCC_WARN_ABOUT_RETURN_TYPE = YES_ERROR;
				GCC_WARN_UNDECLARED_SELECTOR = YES;
				GCC_WARN_UNINITIALIZED_AUTOS = YES_AGGRESSIVE;
				GCC_WARN_UNUSED_FUNCTION = YES;
				GCC_WARN_UNUSED_VARIABLE = YES;
				IPHONEOS_DEPLOYMENT_TARGET = 12.2;
				MTL_ENABLE_DEBUG_INFO = NO;
				MTL_FAST_MATH = YES;
				SDKROOT = iphoneos;
				SWIFT_COMPILATION_MODE = wholemodule;
				SWIFT_OPTIMIZATION_LEVEL = "-O";
				VALIDATE_PRODUCT = YES;
			};
			name = Release;
		};
		00DA8640226453F200049557 /* Debug */ = {
			isa = XCBuildConfiguration;
			buildSettings = {
				ASSETCATALOG_COMPILER_APPICON_NAME = AppIcon;
				CODE_SIGN_STYLE = Automatic;
				DEVELOPMENT_TEAM = U49P79HW8B;
				INFOPLIST_FILE = OhFarmV2.0/Info.plist;
				LD_RUNPATH_SEARCH_PATHS = (
					"$(inherited)",
					"@executable_path/Frameworks",
				);
				PRODUCT_BUNDLE_IDENTIFIER = "com.andyjiang.OhFarmV2-0";
				PRODUCT_NAME = "$(TARGET_NAME)";
				SWIFT_VERSION = 5.0;
				TARGETED_DEVICE_FAMILY = "1,2";
			};
			name = Debug;
		};
		00DA8641226453F200049557 /* Release */ = {
			isa = XCBuildConfiguration;
			buildSettings = {
				ASSETCATALOG_COMPILER_APPICON_NAME = AppIcon;
				CODE_SIGN_STYLE = Automatic;
				DEVELOPMENT_TEAM = U49P79HW8B;
				INFOPLIST_FILE = OhFarmV2.0/Info.plist;
				LD_RUNPATH_SEARCH_PATHS = (
					"$(inherited)",
					"@executable_path/Frameworks",
				);
				PRODUCT_BUNDLE_IDENTIFIER = "com.andyjiang.OhFarmV2-0";
				PRODUCT_NAME = "$(TARGET_NAME)";
				SWIFT_VERSION = 5.0;
				TARGETED_DEVICE_FAMILY = "1,2";
			};
			name = Release;
		};
		00DA8643226453F200049557 /* Debug */ = {
			isa = XCBuildConfiguration;
			buildSettings = {
				ALWAYS_EMBED_SWIFT_STANDARD_LIBRARIES = YES;
				BUNDLE_LOADER = "$(TEST_HOST)";
				CODE_SIGN_STYLE = Automatic;
				DEVELOPMENT_TEAM = U49P79HW8B;
				INFOPLIST_FILE = OhFarmV2.0Tests/Info.plist;
				LD_RUNPATH_SEARCH_PATHS = (
					"$(inherited)",
					"@executable_path/Frameworks",
					"@loader_path/Frameworks",
				);
				PRODUCT_BUNDLE_IDENTIFIER = "com.andyjiang.OhFarmV2-0Tests";
				PRODUCT_NAME = "$(TARGET_NAME)";
				SWIFT_VERSION = 5.0;
				TARGETED_DEVICE_FAMILY = "1,2";
				TEST_HOST = "$(BUILT_PRODUCTS_DIR)/OhFarmV2.0.app/OhFarmV2.0";
			};
			name = Debug;
		};
		00DA8644226453F200049557 /* Release */ = {
			isa = XCBuildConfiguration;
			buildSettings = {
				ALWAYS_EMBED_SWIFT_STANDARD_LIBRARIES = YES;
				BUNDLE_LOADER = "$(TEST_HOST)";
				CODE_SIGN_STYLE = Automatic;
				DEVELOPMENT_TEAM = U49P79HW8B;
				INFOPLIST_FILE = OhFarmV2.0Tests/Info.plist;
				LD_RUNPATH_SEARCH_PATHS = (
					"$(inherited)",
					"@executable_path/Frameworks",
					"@loader_path/Frameworks",
				);
				PRODUCT_BUNDLE_IDENTIFIER = "com.andyjiang.OhFarmV2-0Tests";
				PRODUCT_NAME = "$(TARGET_NAME)";
				SWIFT_VERSION = 5.0;
				TARGETED_DEVICE_FAMILY = "1,2";
				TEST_HOST = "$(BUILT_PRODUCTS_DIR)/OhFarmV2.0.app/OhFarmV2.0";
			};
			name = Release;
		};
/* End XCBuildConfiguration section */

/* Begin XCConfigurationList section */
		00DA861B226453F100049557 /* Build configuration list for PBXProject "OhFarmV2.0" */ = {
			isa = XCConfigurationList;
			buildConfigurations = (
				00DA863D226453F200049557 /* Debug */,
				00DA863E226453F200049557 /* Release */,
			);
			defaultConfigurationIsVisible = 0;
			defaultConfigurationName = Release;
		};
		00DA863F226453F200049557 /* Build configuration list for PBXNativeTarget "OhFarmV2.0" */ = {
			isa = XCConfigurationList;
			buildConfigurations = (
				00DA8640226453F200049557 /* Debug */,
				00DA8641226453F200049557 /* Release */,
			);
			defaultConfigurationIsVisible = 0;
			defaultConfigurationName = Release;
		};
		00DA8642226453F200049557 /* Build configuration list for PBXNativeTarget "OhFarmV2.0Tests" */ = {
			isa = XCConfigurationList;
			buildConfigurations = (
				00DA8643226453F200049557 /* Debug */,
				00DA8644226453F200049557 /* Release */,
			);
			defaultConfigurationIsVisible = 0;
			defaultConfigurationName = Release;
		};
/* End XCConfigurationList section */
	};
	rootObject = 00DA8618226453F100049557 /* Project object */;
}
